PODS:
  - MBProgressHUD (0.9.2)
  - MJExtension (3.0.13)
  - RealReachability (1.1.8):
    - RealReachability/Connection (= 1.1.8)
    - RealReachability/Ping (= 1.1.8)
  - RealReachability/Connection (1.1.8)
  - RealReachability/Ping (1.1.8)
  - RTRootNavigationController (0.5.22)
  - SDWebImage (3.7.6):
    - SDWebImage/Core (= 3.7.6)
  - SDWebImage/Core (3.7.6)
  - YBAttributeTextTapAction (2.0.5)

DEPENDENCIES:
  - MBProgressHUD (~> 0.9.1)
  - MJExtension (~> 3.0.10)
  - RealReachability (~> 1.1.8)
  - RTRootNavigationController (~> 0.5.22)
  - SDWebImage (~> 3.7.3)
  - YBAttributeTextTapAction

SPEC CHECKSUMS:
  MBProgressHUD: 1569cf7ace17a8bac47aabfbb8580a49690386d1
  MJExtension: 5932755f451458eefa24239358817f8d291240c7
  RealReachability: e6c8a2bbffa316006e8c282efc1ee2567d61a920
  RTRootNavigationController: cf134c044a8ce14d97fc668847ed4567efc53f91
  SDWebImage: c325cf02c30337336b95beff20a13df489ec0ec9
  YBAttributeTextTapAction: 686e3d886e53095923686786d842265b5e5a4ccb

PODFILE CHECKSUM: 4a566ea8bc1f353114eec3104fb136ac923f1c74

COCOAPODS: 1.2.0.beta.3
