// !$*UTF8*$!
{
	archiveVersion = 1;
	classes = {
	};
	objectVersion = 46;
	objects = {

/* Begin PBXBuildFile section */
		16C2C5DE7428F368BC890556 /* libPods-Teacher.a in Frameworks */ = {isa = PBXBuildFile; fileRef = 1FEFBC676F5EC7FF2109A350 /* libPods-Teacher.a */; };
		217A9C561EA32D16005515BE /* MineSecondCell.m in Sources */ = {isa = PBXBuildFile; fileRef = 217A9C541EA32D16005515BE /* MineSecondCell.m */; };
		217A9C571EA32D16005515BE /* MineSecondCell.xib in Resources */ = {isa = PBXBuildFile; fileRef = 217A9C551EA32D16005515BE /* MineSecondCell.xib */; };
		217A9C6D1EA3340A005515BE /* LZBalancePayViewController.m in Sources */ = {isa = PBXBuildFile; fileRef = 217A9C5A1EA3340A005515BE /* LZBalancePayViewController.m */; };
		217A9C6E1EA3340A005515BE /* LZBalanceViewController.m in Sources */ = {isa = PBXBuildFile; fileRef = 217A9C5C1EA3340A005515BE /* LZBalanceViewController.m */; };
		217A9C6F1EA3340A005515BE /* LZMinePurseViewController.m in Sources */ = {isa = PBXBuildFile; fileRef = 217A9C5E1EA3340A005515BE /* LZMinePurseViewController.m */; };
		217A9C701EA3340A005515BE /* LZMinePurseViewController.xib in Resources */ = {isa = PBXBuildFile; fileRef = 217A9C5F1EA3340A005515BE /* LZMinePurseViewController.xib */; };
		217A9C711EA3340A005515BE /* LZProfitDetailViewController.m in Sources */ = {isa = PBXBuildFile; fileRef = 217A9C611EA3340A005515BE /* LZProfitDetailViewController.m */; };
		217A9C721EA3340A005515BE /* LZProfitDetailViewController.xib in Resources */ = {isa = PBXBuildFile; fileRef = 217A9C621EA3340A005515BE /* LZProfitDetailViewController.xib */; };
		217A9C731EA3340A005515BE /* LZMinePurseFirstCell.m in Sources */ = {isa = PBXBuildFile; fileRef = 217A9C651EA3340A005515BE /* LZMinePurseFirstCell.m */; };
		217A9C741EA3340A005515BE /* LZMinePurseFirstCell.xib in Resources */ = {isa = PBXBuildFile; fileRef = 217A9C661EA3340A005515BE /* LZMinePurseFirstCell.xib */; };
		217A9C751EA3340A005515BE /* LZMinePurseSecondCell.m in Sources */ = {isa = PBXBuildFile; fileRef = 217A9C681EA3340A005515BE /* LZMinePurseSecondCell.m */; };
		217A9C761EA3340A005515BE /* LZMinePurseSecondCell.xib in Resources */ = {isa = PBXBuildFile; fileRef = 217A9C691EA3340A005515BE /* LZMinePurseSecondCell.xib */; };
		217A9C771EA3340A005515BE /* LZPayDetailCell.m in Sources */ = {isa = PBXBuildFile; fileRef = 217A9C6B1EA3340A005515BE /* LZPayDetailCell.m */; };
		217A9C781EA3340A005515BE /* LZPayDetailCell.xib in Resources */ = {isa = PBXBuildFile; fileRef = 217A9C6C1EA3340A005515BE /* LZPayDetailCell.xib */; };
		217A9C821EA34A21005515BE /* NSString+stringSizeCalculate.m in Sources */ = {isa = PBXBuildFile; fileRef = 217A9C811EA34A21005515BE /* NSString+stringSizeCalculate.m */; };
		217A9C871EA34A2D005515BE /* NSString+Check.m in Sources */ = {isa = PBXBuildFile; fileRef = 217A9C841EA34A2D005515BE /* NSString+Check.m */; };
		217A9C881EA34A2D005515BE /* NSStringVerify.m in Sources */ = {isa = PBXBuildFile; fileRef = 217A9C861EA34A2D005515BE /* NSStringVerify.m */; };
		217A9C8A1EA34A85005515BE /* LZPayViewController.storyboard in Resources */ = {isa = PBXBuildFile; fileRef = 217A9C891EA34A85005515BE /* LZPayViewController.storyboard */; };
		217A9CCB1EA34ED8005515BE /* SegmentView.m in Sources */ = {isa = PBXBuildFile; fileRef = 217A9CCA1EA34ED8005515BE /* SegmentView.m */; };
		217A9CD51EA3511D005515BE /* LZMineOrderViewController.m in Sources */ = {isa = PBXBuildFile; fileRef = 217A9CD31EA3511D005515BE /* LZMineOrderViewController.m */; };
		217A9CD61EA3511D005515BE /* LZMineOrderViewController.xib in Resources */ = {isa = PBXBuildFile; fileRef = 217A9CD41EA3511D005515BE /* LZMineOrderViewController.xib */; };
		217A9CDD1EA352DF005515BE /* LZYJViewController.m in Sources */ = {isa = PBXBuildFile; fileRef = 217A9CD91EA352DF005515BE /* LZYJViewController.m */; };
		217A9CDE1EA352DF005515BE /* LZYJViewController.xib in Resources */ = {isa = PBXBuildFile; fileRef = 217A9CDA1EA352DF005515BE /* LZYJViewController.xib */; };
		217A9CDF1EA352DF005515BE /* QIAOTextView.m in Sources */ = {isa = PBXBuildFile; fileRef = 217A9CDC1EA352DF005515BE /* QIAOTextView.m */; };
		217A9CE41EA35525005515BE /* LZMineDangAnViewController.m in Sources */ = {isa = PBXBuildFile; fileRef = 217A9CE21EA35525005515BE /* LZMineDangAnViewController.m */; };
		217A9CE51EA35525005515BE /* LZMineDangAnViewController.xib in Resources */ = {isa = PBXBuildFile; fileRef = 217A9CE31EA35525005515BE /* LZMineDangAnViewController.xib */; };
		217A9CE91EA35544005515BE /* LZMinedangAnCell.m in Sources */ = {isa = PBXBuildFile; fileRef = 217A9CE71EA35544005515BE /* LZMinedangAnCell.m */; };
		217A9CEA1EA35544005515BE /* LZMinedangAnCell.xib in Resources */ = {isa = PBXBuildFile; fileRef = 217A9CE81EA35544005515BE /* LZMinedangAnCell.xib */; };
		217A9CEF1EA35BDA005515BE /* LZMineTeacherViewController.m in Sources */ = {isa = PBXBuildFile; fileRef = 217A9CED1EA35BDA005515BE /* LZMineTeacherViewController.m */; };
		217A9CF01EA35BDA005515BE /* LZMineTeacherViewController.xib in Resources */ = {isa = PBXBuildFile; fileRef = 217A9CEE1EA35BDA005515BE /* LZMineTeacherViewController.xib */; };
		217A9CF41EA35BE6005515BE /* MineTeacherCell.m in Sources */ = {isa = PBXBuildFile; fileRef = 217A9CF21EA35BE6005515BE /* MineTeacherCell.m */; };
		217A9CF51EA35BE6005515BE /* MineTeacherCell.xib in Resources */ = {isa = PBXBuildFile; fileRef = 217A9CF31EA35BE6005515BE /* MineTeacherCell.xib */; };
		491BA1F51E7B814100E92175 /* main.m in Sources */ = {isa = PBXBuildFile; fileRef = 491BA1F41E7B814100E92175 /* main.m */; };
		491BA1F81E7B814100E92175 /* AppDelegate.m in Sources */ = {isa = PBXBuildFile; fileRef = 491BA1F71E7B814100E92175 /* AppDelegate.m */; };
		491BA1FB1E7B814100E92175 /* ViewController.m in Sources */ = {isa = PBXBuildFile; fileRef = 491BA1FA1E7B814100E92175 /* ViewController.m */; };
		491BA1FE1E7B814100E92175 /* Main.storyboard in Resources */ = {isa = PBXBuildFile; fileRef = 491BA1FC1E7B814100E92175 /* Main.storyboard */; };
		491BA2001E7B814100E92175 /* Assets.xcassets in Resources */ = {isa = PBXBuildFile; fileRef = 491BA1FF1E7B814100E92175 /* Assets.xcassets */; };
		491BA2031E7B814100E92175 /* LaunchScreen.storyboard in Resources */ = {isa = PBXBuildFile; fileRef = 491BA2011E7B814100E92175 /* LaunchScreen.storyboard */; };
		491BA20E1E7B814100E92175 /* TeacherTests.m in Sources */ = {isa = PBXBuildFile; fileRef = 491BA20D1E7B814100E92175 /* TeacherTests.m */; };
		491BA2191E7B814100E92175 /* TeacherUITests.m in Sources */ = {isa = PBXBuildFile; fileRef = 491BA2181E7B814100E92175 /* TeacherUITests.m */; };
		491BA2481E7B816300E92175 /* HHNavigationViewController.m in Sources */ = {isa = PBXBuildFile; fileRef = 491BA22D1E7B816300E92175 /* HHNavigationViewController.m */; };
		491BA2491E7B816300E92175 /* HHTababr.m in Sources */ = {isa = PBXBuildFile; fileRef = 491BA22F1E7B816300E92175 /* HHTababr.m */; };
		491BA24A1E7B816300E92175 /* HHTabbarViewController.m in Sources */ = {isa = PBXBuildFile; fileRef = 491BA2311E7B816300E92175 /* HHTabbarViewController.m */; };
		491BA24B1E7B816300E92175 /* LZRootViewController.m in Sources */ = {isa = PBXBuildFile; fileRef = 491BA2331E7B816300E92175 /* LZRootViewController.m */; };
		491BA24C1E7B816300E92175 /* UIBarButtonItem+WNXBarButtonItem.m in Sources */ = {isa = PBXBuildFile; fileRef = 491BA2351E7B816300E92175 /* UIBarButtonItem+WNXBarButtonItem.m */; };
		491BA24D1E7B816300E92175 /* UIImage+Color.m in Sources */ = {isa = PBXBuildFile; fileRef = 491BA2371E7B816300E92175 /* UIImage+Color.m */; };
		491BA2541E7B816300E92175 /* LZHomeViewController.m in Sources */ = {isa = PBXBuildFile; fileRef = 491BA2461E7B816300E92175 /* LZHomeViewController.m */; };
		491BA2551E7B816300E92175 /* LZHomeViewController.xib in Resources */ = {isa = PBXBuildFile; fileRef = 491BA2471E7B816300E92175 /* LZHomeViewController.xib */; };
		491BA25C1E7B827300E92175 /* LZCourseViewController.m in Sources */ = {isa = PBXBuildFile; fileRef = 491BA25A1E7B827300E92175 /* LZCourseViewController.m */; };
		491BA25D1E7B827300E92175 /* LZCourseViewController.xib in Resources */ = {isa = PBXBuildFile; fileRef = 491BA25B1E7B827300E92175 /* LZCourseViewController.xib */; };
		491BA2611E7B828600E92175 /* LZOrderViewController.m in Sources */ = {isa = PBXBuildFile; fileRef = 491BA25F1E7B828600E92175 /* LZOrderViewController.m */; };
		491BA2621E7B828600E92175 /* LZOrderViewController.xib in Resources */ = {isa = PBXBuildFile; fileRef = 491BA2601E7B828600E92175 /* LZOrderViewController.xib */; };
		491BA26B1E7B830F00E92175 /* LZPublicViewController.m in Sources */ = {isa = PBXBuildFile; fileRef = 491BA2691E7B830F00E92175 /* LZPublicViewController.m */; };
		491BA26C1E7B830F00E92175 /* LZPublicViewController.xib in Resources */ = {isa = PBXBuildFile; fileRef = 491BA26A1E7B830F00E92175 /* LZPublicViewController.xib */; };
		491BA2701E7B832C00E92175 /* LZMineViewController.m in Sources */ = {isa = PBXBuildFile; fileRef = 491BA26E1E7B832C00E92175 /* LZMineViewController.m */; };
		491BA2711E7B832C00E92175 /* LZMineViewController.xib in Resources */ = {isa = PBXBuildFile; fileRef = 491BA26F1E7B832C00E92175 /* LZMineViewController.xib */; };
		4952EB8E1EA05BD900A24601 /* LZHomeTaskCell.m in Sources */ = {isa = PBXBuildFile; fileRef = 4952EB8C1EA05BD900A24601 /* LZHomeTaskCell.m */; };
		4952EB8F1EA05BD900A24601 /* LZHomeTaskCell.xib in Resources */ = {isa = PBXBuildFile; fileRef = 4952EB8D1EA05BD900A24601 /* LZHomeTaskCell.xib */; };
		4952EB931EA071D800A24601 /* LZHomeItmesCell.m in Sources */ = {isa = PBXBuildFile; fileRef = 4952EB911EA071D800A24601 /* LZHomeItmesCell.m */; };
		4952EB941EA071D800A24601 /* LZHomeItmesCell.xib in Resources */ = {isa = PBXBuildFile; fileRef = 4952EB921EA071D800A24601 /* LZHomeItmesCell.xib */; };
		4952EB981EA0721400A24601 /* ItmesCell.m in Sources */ = {isa = PBXBuildFile; fileRef = 4952EB961EA0721400A24601 /* ItmesCell.m */; };
		4952EB991EA0721400A24601 /* ItmesCell.xib in Resources */ = {isa = PBXBuildFile; fileRef = 4952EB971EA0721400A24601 /* ItmesCell.xib */; };
		4952EB9D1EA0740800A24601 /* LZHomeFirstCell.m in Sources */ = {isa = PBXBuildFile; fileRef = 4952EB9B1EA0740800A24601 /* LZHomeFirstCell.m */; };
		4952EB9E1EA0740800A24601 /* LZHomeFirstCell.xib in Resources */ = {isa = PBXBuildFile; fileRef = 4952EB9C1EA0740800A24601 /* LZHomeFirstCell.xib */; };
		4952EBAF1EA0742A00A24601 /* TAAbstractDotView.m in Sources */ = {isa = PBXBuildFile; fileRef = 4952EBA21EA0742A00A24601 /* TAAbstractDotView.m */; };
		4952EBB01EA0742A00A24601 /* TAAnimatedDotView.m in Sources */ = {isa = PBXBuildFile; fileRef = 4952EBA41EA0742A00A24601 /* TAAnimatedDotView.m */; };
		4952EBB11EA0742A00A24601 /* TADotView.m in Sources */ = {isa = PBXBuildFile; fileRef = 4952EBA61EA0742A00A24601 /* TADotView.m */; };
		4952EBB21EA0742A00A24601 /* TAPageControl.m in Sources */ = {isa = PBXBuildFile; fileRef = 4952EBA81EA0742A00A24601 /* TAPageControl.m */; };
		4952EBB31EA0742A00A24601 /* SDCollectionViewCell.m in Sources */ = {isa = PBXBuildFile; fileRef = 4952EBAA1EA0742A00A24601 /* SDCollectionViewCell.m */; };
		4952EBB41EA0742A00A24601 /* SDCycleScrollView.m in Sources */ = {isa = PBXBuildFile; fileRef = 4952EBAC1EA0742A00A24601 /* SDCycleScrollView.m */; };
		4952EBB51EA0742A00A24601 /* UIView+SDExtension.m in Sources */ = {isa = PBXBuildFile; fileRef = 4952EBAE1EA0742A00A24601 /* UIView+SDExtension.m */; };
		4952EBBA1EA0786300A24601 /* LZThirdItmesCell.m in Sources */ = {isa = PBXBuildFile; fileRef = 4952EBB81EA0786300A24601 /* LZThirdItmesCell.m */; };
		4952EBBB1EA0786300A24601 /* LZThirdItmesCell.xib in Resources */ = {isa = PBXBuildFile; fileRef = 4952EBB91EA0786300A24601 /* LZThirdItmesCell.xib */; };
		4952EBBF1EA078C300A24601 /* LZHomeThirdCell.m in Sources */ = {isa = PBXBuildFile; fileRef = 4952EBBD1EA078C300A24601 /* LZHomeThirdCell.m */; };
		4952EBC01EA078C300A24601 /* LZHomeThirdCell.xib in Resources */ = {isa = PBXBuildFile; fileRef = 4952EBBE1EA078C300A24601 /* LZHomeThirdCell.xib */; };
		4952EBC41EA09A1400A24601 /* LZHomeHeadView.m in Sources */ = {isa = PBXBuildFile; fileRef = 4952EBC21EA09A1400A24601 /* LZHomeHeadView.m */; };
		4952EBC51EA09A1400A24601 /* LZHomeHeadView.xib in Resources */ = {isa = PBXBuildFile; fileRef = 4952EBC31EA09A1400A24601 /* LZHomeHeadView.xib */; };
		4952EBCA1EA09B8700A24601 /* HomeInfoCell.m in Sources */ = {isa = PBXBuildFile; fileRef = 4952EBC81EA09B8700A24601 /* HomeInfoCell.m */; };
		4952EBCB1EA09B8700A24601 /* HomeInfoCell.xib in Resources */ = {isa = PBXBuildFile; fileRef = 4952EBC91EA09B8700A24601 /* HomeInfoCell.xib */; };
		4952EBD51EA0A0F100A24601 /* MineHeadInfoCell.m in Sources */ = {isa = PBXBuildFile; fileRef = 4952EBD31EA0A0F100A24601 /* MineHeadInfoCell.m */; };
		4952EBD61EA0A0F100A24601 /* MineHeadInfoCell.xib in Resources */ = {isa = PBXBuildFile; fileRef = 4952EBD41EA0A0F100A24601 /* MineHeadInfoCell.xib */; };
		49A369991EA4614200BD34B2 /* LZMineMeansController.m in Sources */ = {isa = PBXBuildFile; fileRef = 49A369981EA4614200BD34B2 /* LZMineMeansController.m */; };
		49A3699B1EA4615200BD34B2 /* LZMineMeansController.storyboard in Resources */ = {isa = PBXBuildFile; fileRef = 49A3699A1EA4615200BD34B2 /* LZMineMeansController.storyboard */; };
		49A3699E1EA4660F00BD34B2 /* LZEditMeansController.m in Sources */ = {isa = PBXBuildFile; fileRef = 49A3699D1EA4660F00BD34B2 /* LZEditMeansController.m */; };
		49A369A21EA469CE00BD34B2 /* EducationTableViewController.m in Sources */ = {isa = PBXBuildFile; fileRef = 49A369A11EA469CE00BD34B2 /* EducationTableViewController.m */; };
		49A369A61EA4888A00BD34B2 /* LZCharacteristicViewController.m in Sources */ = {isa = PBXBuildFile; fileRef = 49A369A51EA4888A00BD34B2 /* LZCharacteristicViewController.m */; };
		49A369AD1EA48A9E00BD34B2 /* LZSuccessTableViewController.m in Sources */ = {isa = PBXBuildFile; fileRef = 49A369AC1EA48A9E00BD34B2 /* LZSuccessTableViewController.m */; };
		49A369B11EA490A600BD34B2 /* LZGloryTableViewController.m in Sources */ = {isa = PBXBuildFile; fileRef = 49A369B01EA490A600BD34B2 /* LZGloryTableViewController.m */; };
		49A369B51EA491DA00BD34B2 /* JGJBttonmQYView.m in Sources */ = {isa = PBXBuildFile; fileRef = 49A369B31EA491DA00BD34B2 /* JGJBttonmQYView.m */; };
		49A369B61EA491DA00BD34B2 /* JGJBttonmQYView.xib in Resources */ = {isa = PBXBuildFile; fileRef = 49A369B41EA491DA00BD34B2 /* JGJBttonmQYView.xib */; };
/* End PBXBuildFile section */

/* Begin PBXContainerItemProxy section */
		491BA20A1E7B814100E92175 /* PBXContainerItemProxy */ = {
			isa = PBXContainerItemProxy;
			containerPortal = 491BA1E81E7B814100E92175 /* Project object */;
			proxyType = 1;
			remoteGlobalIDString = 491BA1EF1E7B814100E92175;
			remoteInfo = Teacher;
		};
		491BA2151E7B814100E92175 /* PBXContainerItemProxy */ = {
			isa = PBXContainerItemProxy;
			containerPortal = 491BA1E81E7B814100E92175 /* Project object */;
			proxyType = 1;
			remoteGlobalIDString = 491BA1EF1E7B814100E92175;
			remoteInfo = Teacher;
		};
/* End PBXContainerItemProxy section */

/* Begin PBXFileReference section */
		1FEFBC676F5EC7FF2109A350 /* libPods-Teacher.a */ = {isa = PBXFileReference; explicitFileType = archive.ar; includeInIndex = 0; path = "libPods-Teacher.a"; sourceTree = BUILT_PRODUCTS_DIR; };
		217A9C531EA32D16005515BE /* MineSecondCell.h */ = {isa = PBXFileReference; fileEncoding = 4; lastKnownFileType = sourcecode.c.h; path = MineSecondCell.h; sourceTree = "<group>"; };
		217A9C541EA32D16005515BE /* MineSecondCell.m */ = {isa = PBXFileReference; fileEncoding = 4; lastKnownFileType = sourcecode.c.objc; path = MineSecondCell.m; sourceTree = "<group>"; };
		217A9C551EA32D16005515BE /* MineSecondCell.xib */ = {isa = PBXFileReference; fileEncoding = 4; lastKnownFileType = file.xib; path = MineSecondCell.xib; sourceTree = "<group>"; };
		217A9C591EA3340A005515BE /* LZBalancePayViewController.h */ = {isa = PBXFileReference; fileEncoding = 4; lastKnownFileType = sourcecode.c.h; path = LZBalancePayViewController.h; sourceTree = "<group>"; };
		217A9C5A1EA3340A005515BE /* LZBalancePayViewController.m */ = {isa = PBXFileReference; fileEncoding = 4; lastKnownFileType = sourcecode.c.objc; path = LZBalancePayViewController.m; sourceTree = "<group>"; };
		217A9C5B1EA3340A005515BE /* LZBalanceViewController.h */ = {isa = PBXFileReference; fileEncoding = 4; lastKnownFileType = sourcecode.c.h; path = LZBalanceViewController.h; sourceTree = "<group>"; };
		217A9C5C1EA3340A005515BE /* LZBalanceViewController.m */ = {isa = PBXFileReference; fileEncoding = 4; lastKnownFileType = sourcecode.c.objc; path = LZBalanceViewController.m; sourceTree = "<group>"; };
		217A9C5D1EA3340A005515BE /* LZMinePurseViewController.h */ = {isa = PBXFileReference; fileEncoding = 4; lastKnownFileType = sourcecode.c.h; path = LZMinePurseViewController.h; sourceTree = "<group>"; };
		217A9C5E1EA3340A005515BE /* LZMinePurseViewController.m */ = {isa = PBXFileReference; fileEncoding = 4; lastKnownFileType = sourcecode.c.objc; path = LZMinePurseViewController.m; sourceTree = "<group>"; };
		217A9C5F1EA3340A005515BE /* LZMinePurseViewController.xib */ = {isa = PBXFileReference; fileEncoding = 4; lastKnownFileType = file.xib; path = LZMinePurseViewController.xib; sourceTree = "<group>"; };
		217A9C601EA3340A005515BE /* LZProfitDetailViewController.h */ = {isa = PBXFileReference; fileEncoding = 4; lastKnownFileType = sourcecode.c.h; path = LZProfitDetailViewController.h; sourceTree = "<group>"; };
		217A9C611EA3340A005515BE /* LZProfitDetailViewController.m */ = {isa = PBXFileReference; fileEncoding = 4; lastKnownFileType = sourcecode.c.objc; path = LZProfitDetailViewController.m; sourceTree = "<group>"; };
		217A9C621EA3340A005515BE /* LZProfitDetailViewController.xib */ = {isa = PBXFileReference; fileEncoding = 4; lastKnownFileType = file.xib; path = LZProfitDetailViewController.xib; sourceTree = "<group>"; };
		217A9C641EA3340A005515BE /* LZMinePurseFirstCell.h */ = {isa = PBXFileReference; fileEncoding = 4; lastKnownFileType = sourcecode.c.h; path = LZMinePurseFirstCell.h; sourceTree = "<group>"; };
		217A9C651EA3340A005515BE /* LZMinePurseFirstCell.m */ = {isa = PBXFileReference; fileEncoding = 4; lastKnownFileType = sourcecode.c.objc; path = LZMinePurseFirstCell.m; sourceTree = "<group>"; };
		217A9C661EA3340A005515BE /* LZMinePurseFirstCell.xib */ = {isa = PBXFileReference; fileEncoding = 4; lastKnownFileType = file.xib; path = LZMinePurseFirstCell.xib; sourceTree = "<group>"; };
		217A9C671EA3340A005515BE /* LZMinePurseSecondCell.h */ = {isa = PBXFileReference; fileEncoding = 4; lastKnownFileType = sourcecode.c.h; path = LZMinePurseSecondCell.h; sourceTree = "<group>"; };
		217A9C681EA3340A005515BE /* LZMinePurseSecondCell.m */ = {isa = PBXFileReference; fileEncoding = 4; lastKnownFileType = sourcecode.c.objc; path = LZMinePurseSecondCell.m; sourceTree = "<group>"; };
		217A9C691EA3340A005515BE /* LZMinePurseSecondCell.xib */ = {isa = PBXFileReference; fileEncoding = 4; lastKnownFileType = file.xib; path = LZMinePurseSecondCell.xib; sourceTree = "<group>"; };
		217A9C6A1EA3340A005515BE /* LZPayDetailCell.h */ = {isa = PBXFileReference; fileEncoding = 4; lastKnownFileType = sourcecode.c.h; path = LZPayDetailCell.h; sourceTree = "<group>"; };
		217A9C6B1EA3340A005515BE /* LZPayDetailCell.m */ = {isa = PBXFileReference; fileEncoding = 4; lastKnownFileType = sourcecode.c.objc; path = LZPayDetailCell.m; sourceTree = "<group>"; };
		217A9C6C1EA3340A005515BE /* LZPayDetailCell.xib */ = {isa = PBXFileReference; fileEncoding = 4; lastKnownFileType = file.xib; path = LZPayDetailCell.xib; sourceTree = "<group>"; };
		217A9C801EA34A21005515BE /* NSString+stringSizeCalculate.h */ = {isa = PBXFileReference; fileEncoding = 4; lastKnownFileType = sourcecode.c.h; path = "NSString+stringSizeCalculate.h"; sourceTree = "<group>"; };
		217A9C811EA34A21005515BE /* NSString+stringSizeCalculate.m */ = {isa = PBXFileReference; fileEncoding = 4; lastKnownFileType = sourcecode.c.objc; path = "NSString+stringSizeCalculate.m"; sourceTree = "<group>"; };
		217A9C831EA34A2D005515BE /* NSString+Check.h */ = {isa = PBXFileReference; fileEncoding = 4; lastKnownFileType = sourcecode.c.h; path = "NSString+Check.h"; sourceTree = "<group>"; };
		217A9C841EA34A2D005515BE /* NSString+Check.m */ = {isa = PBXFileReference; fileEncoding = 4; lastKnownFileType = sourcecode.c.objc; path = "NSString+Check.m"; sourceTree = "<group>"; };
		217A9C851EA34A2D005515BE /* NSStringVerify.h */ = {isa = PBXFileReference; fileEncoding = 4; lastKnownFileType = sourcecode.c.h; path = NSStringVerify.h; sourceTree = "<group>"; };
		217A9C861EA34A2D005515BE /* NSStringVerify.m */ = {isa = PBXFileReference; fileEncoding = 4; lastKnownFileType = sourcecode.c.objc; path = NSStringVerify.m; sourceTree = "<group>"; };
		217A9C891EA34A85005515BE /* LZPayViewController.storyboard */ = {isa = PBXFileReference; fileEncoding = 4; lastKnownFileType = file.storyboard; path = LZPayViewController.storyboard; sourceTree = "<group>"; };
		217A9CC91EA34ED8005515BE /* SegmentView.h */ = {isa = PBXFileReference; fileEncoding = 4; lastKnownFileType = sourcecode.c.h; path = SegmentView.h; sourceTree = "<group>"; };
		217A9CCA1EA34ED8005515BE /* SegmentView.m */ = {isa = PBXFileReference; fileEncoding = 4; lastKnownFileType = sourcecode.c.objc; path = SegmentView.m; sourceTree = "<group>"; };
		217A9CD21EA3511D005515BE /* LZMineOrderViewController.h */ = {isa = PBXFileReference; fileEncoding = 4; lastKnownFileType = sourcecode.c.h; path = LZMineOrderViewController.h; sourceTree = "<group>"; };
		217A9CD31EA3511D005515BE /* LZMineOrderViewController.m */ = {isa = PBXFileReference; fileEncoding = 4; lastKnownFileType = sourcecode.c.objc; path = LZMineOrderViewController.m; sourceTree = "<group>"; };
		217A9CD41EA3511D005515BE /* LZMineOrderViewController.xib */ = {isa = PBXFileReference; fileEncoding = 4; lastKnownFileType = file.xib; path = LZMineOrderViewController.xib; sourceTree = "<group>"; };
		217A9CD81EA352DF005515BE /* LZYJViewController.h */ = {isa = PBXFileReference; fileEncoding = 4; lastKnownFileType = sourcecode.c.h; path = LZYJViewController.h; sourceTree = "<group>"; };
		217A9CD91EA352DF005515BE /* LZYJViewController.m */ = {isa = PBXFileReference; fileEncoding = 4; lastKnownFileType = sourcecode.c.objc; path = LZYJViewController.m; sourceTree = "<group>"; };
		217A9CDA1EA352DF005515BE /* LZYJViewController.xib */ = {isa = PBXFileReference; fileEncoding = 4; lastKnownFileType = file.xib; path = LZYJViewController.xib; sourceTree = "<group>"; };
		217A9CDB1EA352DF005515BE /* QIAOTextView.h */ = {isa = PBXFileReference; fileEncoding = 4; lastKnownFileType = sourcecode.c.h; path = QIAOTextView.h; sourceTree = "<group>"; };
		217A9CDC1EA352DF005515BE /* QIAOTextView.m */ = {isa = PBXFileReference; fileEncoding = 4; lastKnownFileType = sourcecode.c.objc; path = QIAOTextView.m; sourceTree = "<group>"; };
		217A9CE11EA35525005515BE /* LZMineDangAnViewController.h */ = {isa = PBXFileReference; fileEncoding = 4; lastKnownFileType = sourcecode.c.h; path = LZMineDangAnViewController.h; sourceTree = "<group>"; };
		217A9CE21EA35525005515BE /* LZMineDangAnViewController.m */ = {isa = PBXFileReference; fileEncoding = 4; lastKnownFileType = sourcecode.c.objc; path = LZMineDangAnViewController.m; sourceTree = "<group>"; };
		217A9CE31EA35525005515BE /* LZMineDangAnViewController.xib */ = {isa = PBXFileReference; fileEncoding = 4; lastKnownFileType = file.xib; path = LZMineDangAnViewController.xib; sourceTree = "<group>"; };
		217A9CE61EA35544005515BE /* LZMinedangAnCell.h */ = {isa = PBXFileReference; fileEncoding = 4; lastKnownFileType = sourcecode.c.h; path = LZMinedangAnCell.h; sourceTree = "<group>"; };
		217A9CE71EA35544005515BE /* LZMinedangAnCell.m */ = {isa = PBXFileReference; fileEncoding = 4; lastKnownFileType = sourcecode.c.objc; path = LZMinedangAnCell.m; sourceTree = "<group>"; };
		217A9CE81EA35544005515BE /* LZMinedangAnCell.xib */ = {isa = PBXFileReference; fileEncoding = 4; lastKnownFileType = file.xib; path = LZMinedangAnCell.xib; sourceTree = "<group>"; };
		217A9CEC1EA35BDA005515BE /* LZMineTeacherViewController.h */ = {isa = PBXFileReference; fileEncoding = 4; lastKnownFileType = sourcecode.c.h; path = LZMineTeacherViewController.h; sourceTree = "<group>"; };
		217A9CED1EA35BDA005515BE /* LZMineTeacherViewController.m */ = {isa = PBXFileReference; fileEncoding = 4; lastKnownFileType = sourcecode.c.objc; path = LZMineTeacherViewController.m; sourceTree = "<group>"; };
		217A9CEE1EA35BDA005515BE /* LZMineTeacherViewController.xib */ = {isa = PBXFileReference; fileEncoding = 4; lastKnownFileType = file.xib; path = LZMineTeacherViewController.xib; sourceTree = "<group>"; };
		217A9CF11EA35BE6005515BE /* MineTeacherCell.h */ = {isa = PBXFileReference; fileEncoding = 4; lastKnownFileType = sourcecode.c.h; path = MineTeacherCell.h; sourceTree = "<group>"; };
		217A9CF21EA35BE6005515BE /* MineTeacherCell.m */ = {isa = PBXFileReference; fileEncoding = 4; lastKnownFileType = sourcecode.c.objc; path = MineTeacherCell.m; sourceTree = "<group>"; };
		217A9CF31EA35BE6005515BE /* MineTeacherCell.xib */ = {isa = PBXFileReference; fileEncoding = 4; lastKnownFileType = file.xib; path = MineTeacherCell.xib; sourceTree = "<group>"; };
		491BA1F01E7B814100E92175 /* Teacher.app */ = {isa = PBXFileReference; explicitFileType = wrapper.application; includeInIndex = 0; path = Teacher.app; sourceTree = BUILT_PRODUCTS_DIR; };
		491BA1F41E7B814100E92175 /* main.m */ = {isa = PBXFileReference; lastKnownFileType = sourcecode.c.objc; path = main.m; sourceTree = "<group>"; };
		491BA1F61E7B814100E92175 /* AppDelegate.h */ = {isa = PBXFileReference; lastKnownFileType = sourcecode.c.h; path = AppDelegate.h; sourceTree = "<group>"; };
		491BA1F71E7B814100E92175 /* AppDelegate.m */ = {isa = PBXFileReference; lastKnownFileType = sourcecode.c.objc; path = AppDelegate.m; sourceTree = "<group>"; };
		491BA1F91E7B814100E92175 /* ViewController.h */ = {isa = PBXFileReference; lastKnownFileType = sourcecode.c.h; path = ViewController.h; sourceTree = "<group>"; };
		491BA1FA1E7B814100E92175 /* ViewController.m */ = {isa = PBXFileReference; lastKnownFileType = sourcecode.c.objc; path = ViewController.m; sourceTree = "<group>"; };
		491BA1FD1E7B814100E92175 /* Base */ = {isa = PBXFileReference; lastKnownFileType = file.storyboard; name = Base; path = Base.lproj/Main.storyboard; sourceTree = "<group>"; };
		491BA1FF1E7B814100E92175 /* Assets.xcassets */ = {isa = PBXFileReference; lastKnownFileType = folder.assetcatalog; path = Assets.xcassets; sourceTree = "<group>"; };
		491BA2021E7B814100E92175 /* Base */ = {isa = PBXFileReference; lastKnownFileType = file.storyboard; name = Base; path = Base.lproj/LaunchScreen.storyboard; sourceTree = "<group>"; };
		491BA2041E7B814100E92175 /* Info.plist */ = {isa = PBXFileReference; lastKnownFileType = text.plist.xml; path = Info.plist; sourceTree = "<group>"; };
		491BA2091E7B814100E92175 /* TeacherTests.xctest */ = {isa = PBXFileReference; explicitFileType = wrapper.cfbundle; includeInIndex = 0; path = TeacherTests.xctest; sourceTree = BUILT_PRODUCTS_DIR; };
		491BA20D1E7B814100E92175 /* TeacherTests.m */ = {isa = PBXFileReference; lastKnownFileType = sourcecode.c.objc; path = TeacherTests.m; sourceTree = "<group>"; };
		491BA20F1E7B814100E92175 /* Info.plist */ = {isa = PBXFileReference; lastKnownFileType = text.plist.xml; path = Info.plist; sourceTree = "<group>"; };
		491BA2141E7B814100E92175 /* TeacherUITests.xctest */ = {isa = PBXFileReference; explicitFileType = wrapper.cfbundle; includeInIndex = 0; path = TeacherUITests.xctest; sourceTree = BUILT_PRODUCTS_DIR; };
		491BA2181E7B814100E92175 /* TeacherUITests.m */ = {isa = PBXFileReference; lastKnownFileType = sourcecode.c.objc; path = TeacherUITests.m; sourceTree = "<group>"; };
		491BA21A1E7B814100E92175 /* Info.plist */ = {isa = PBXFileReference; lastKnownFileType = text.plist.xml; path = Info.plist; sourceTree = "<group>"; };
		491BA22B1E7B816300E92175 /* GeneralDefine.h */ = {isa = PBXFileReference; fileEncoding = 4; lastKnownFileType = sourcecode.c.h; path = GeneralDefine.h; sourceTree = "<group>"; };
		491BA22C1E7B816300E92175 /* HHNavigationViewController.h */ = {isa = PBXFileReference; fileEncoding = 4; lastKnownFileType = sourcecode.c.h; path = HHNavigationViewController.h; sourceTree = "<group>"; };
		491BA22D1E7B816300E92175 /* HHNavigationViewController.m */ = {isa = PBXFileReference; fileEncoding = 4; lastKnownFileType = sourcecode.c.objc; path = HHNavigationViewController.m; sourceTree = "<group>"; };
		491BA22E1E7B816300E92175 /* HHTababr.h */ = {isa = PBXFileReference; fileEncoding = 4; lastKnownFileType = sourcecode.c.h; path = HHTababr.h; sourceTree = "<group>"; };
		491BA22F1E7B816300E92175 /* HHTababr.m */ = {isa = PBXFileReference; fileEncoding = 4; lastKnownFileType = sourcecode.c.objc; path = HHTababr.m; sourceTree = "<group>"; };
		491BA2301E7B816300E92175 /* HHTabbarViewController.h */ = {isa = PBXFileReference; fileEncoding = 4; lastKnownFileType = sourcecode.c.h; path = HHTabbarViewController.h; sourceTree = "<group>"; };
		491BA2311E7B816300E92175 /* HHTabbarViewController.m */ = {isa = PBXFileReference; fileEncoding = 4; lastKnownFileType = sourcecode.c.objc; path = HHTabbarViewController.m; sourceTree = "<group>"; };
		491BA2321E7B816300E92175 /* LZRootViewController.h */ = {isa = PBXFileReference; fileEncoding = 4; lastKnownFileType = sourcecode.c.h; path = LZRootViewController.h; sourceTree = "<group>"; };
		491BA2331E7B816300E92175 /* LZRootViewController.m */ = {isa = PBXFileReference; fileEncoding = 4; lastKnownFileType = sourcecode.c.objc; path = LZRootViewController.m; sourceTree = "<group>"; };
		491BA2341E7B816300E92175 /* UIBarButtonItem+WNXBarButtonItem.h */ = {isa = PBXFileReference; fileEncoding = 4; lastKnownFileType = sourcecode.c.h; path = "UIBarButtonItem+WNXBarButtonItem.h"; sourceTree = "<group>"; };
		491BA2351E7B816300E92175 /* UIBarButtonItem+WNXBarButtonItem.m */ = {isa = PBXFileReference; fileEncoding = 4; lastKnownFileType = sourcecode.c.objc; path = "UIBarButtonItem+WNXBarButtonItem.m"; sourceTree = "<group>"; };
		491BA2361E7B816300E92175 /* UIImage+Color.h */ = {isa = PBXFileReference; fileEncoding = 4; lastKnownFileType = sourcecode.c.h; path = "UIImage+Color.h"; sourceTree = "<group>"; };
		491BA2371E7B816300E92175 /* UIImage+Color.m */ = {isa = PBXFileReference; fileEncoding = 4; lastKnownFileType = sourcecode.c.objc; path = "UIImage+Color.m"; sourceTree = "<group>"; };
		491BA2451E7B816300E92175 /* LZHomeViewController.h */ = {isa = PBXFileReference; fileEncoding = 4; lastKnownFileType = sourcecode.c.h; path = LZHomeViewController.h; sourceTree = "<group>"; };
		491BA2461E7B816300E92175 /* LZHomeViewController.m */ = {isa = PBXFileReference; fileEncoding = 4; lastKnownFileType = sourcecode.c.objc; path = LZHomeViewController.m; sourceTree = "<group>"; };
		491BA2471E7B816300E92175 /* LZHomeViewController.xib */ = {isa = PBXFileReference; fileEncoding = 4; lastKnownFileType = file.xib; path = LZHomeViewController.xib; sourceTree = "<group>"; };
		491BA2591E7B827300E92175 /* LZCourseViewController.h */ = {isa = PBXFileReference; fileEncoding = 4; lastKnownFileType = sourcecode.c.h; path = LZCourseViewController.h; sourceTree = "<group>"; };
		491BA25A1E7B827300E92175 /* LZCourseViewController.m */ = {isa = PBXFileReference; fileEncoding = 4; lastKnownFileType = sourcecode.c.objc; path = LZCourseViewController.m; sourceTree = "<group>"; };
		491BA25B1E7B827300E92175 /* LZCourseViewController.xib */ = {isa = PBXFileReference; fileEncoding = 4; lastKnownFileType = file.xib; path = LZCourseViewController.xib; sourceTree = "<group>"; };
		491BA25E1E7B828600E92175 /* LZOrderViewController.h */ = {isa = PBXFileReference; fileEncoding = 4; lastKnownFileType = sourcecode.c.h; path = LZOrderViewController.h; sourceTree = "<group>"; };
		491BA25F1E7B828600E92175 /* LZOrderViewController.m */ = {isa = PBXFileReference; fileEncoding = 4; lastKnownFileType = sourcecode.c.objc; path = LZOrderViewController.m; sourceTree = "<group>"; };
		491BA2601E7B828600E92175 /* LZOrderViewController.xib */ = {isa = PBXFileReference; fileEncoding = 4; lastKnownFileType = file.xib; path = LZOrderViewController.xib; sourceTree = "<group>"; };
		491BA2681E7B830F00E92175 /* LZPublicViewController.h */ = {isa = PBXFileReference; fileEncoding = 4; lastKnownFileType = sourcecode.c.h; path = LZPublicViewController.h; sourceTree = "<group>"; };
		491BA2691E7B830F00E92175 /* LZPublicViewController.m */ = {isa = PBXFileReference; fileEncoding = 4; lastKnownFileType = sourcecode.c.objc; path = LZPublicViewController.m; sourceTree = "<group>"; };
		491BA26A1E7B830F00E92175 /* LZPublicViewController.xib */ = {isa = PBXFileReference; fileEncoding = 4; lastKnownFileType = file.xib; path = LZPublicViewController.xib; sourceTree = "<group>"; };
		491BA26D1E7B832C00E92175 /* LZMineViewController.h */ = {isa = PBXFileReference; fileEncoding = 4; lastKnownFileType = sourcecode.c.h; path = LZMineViewController.h; sourceTree = "<group>"; };
		491BA26E1E7B832C00E92175 /* LZMineViewController.m */ = {isa = PBXFileReference; fileEncoding = 4; lastKnownFileType = sourcecode.c.objc; path = LZMineViewController.m; sourceTree = "<group>"; };
		491BA26F1E7B832C00E92175 /* LZMineViewController.xib */ = {isa = PBXFileReference; fileEncoding = 4; lastKnownFileType = file.xib; path = LZMineViewController.xib; sourceTree = "<group>"; };
		4952EB8B1EA05BD900A24601 /* LZHomeTaskCell.h */ = {isa = PBXFileReference; fileEncoding = 4; lastKnownFileType = sourcecode.c.h; path = LZHomeTaskCell.h; sourceTree = "<group>"; };
		4952EB8C1EA05BD900A24601 /* LZHomeTaskCell.m */ = {isa = PBXFileReference; fileEncoding = 4; lastKnownFileType = sourcecode.c.objc; path = LZHomeTaskCell.m; sourceTree = "<group>"; };
		4952EB8D1EA05BD900A24601 /* LZHomeTaskCell.xib */ = {isa = PBXFileReference; fileEncoding = 4; lastKnownFileType = file.xib; path = LZHomeTaskCell.xib; sourceTree = "<group>"; };
		4952EB901EA071D800A24601 /* LZHomeItmesCell.h */ = {isa = PBXFileReference; fileEncoding = 4; lastKnownFileType = sourcecode.c.h; path = LZHomeItmesCell.h; sourceTree = "<group>"; };
		4952EB911EA071D800A24601 /* LZHomeItmesCell.m */ = {isa = PBXFileReference; fileEncoding = 4; lastKnownFileType = sourcecode.c.objc; path = LZHomeItmesCell.m; sourceTree = "<group>"; };
		4952EB921EA071D800A24601 /* LZHomeItmesCell.xib */ = {isa = PBXFileReference; fileEncoding = 4; lastKnownFileType = file.xib; path = LZHomeItmesCell.xib; sourceTree = "<group>"; };
		4952EB951EA0721400A24601 /* ItmesCell.h */ = {isa = PBXFileReference; fileEncoding = 4; lastKnownFileType = sourcecode.c.h; path = ItmesCell.h; sourceTree = "<group>"; };
		4952EB961EA0721400A24601 /* ItmesCell.m */ = {isa = PBXFileReference; fileEncoding = 4; lastKnownFileType = sourcecode.c.objc; path = ItmesCell.m; sourceTree = "<group>"; };
		4952EB971EA0721400A24601 /* ItmesCell.xib */ = {isa = PBXFileReference; fileEncoding = 4; lastKnownFileType = file.xib; path = ItmesCell.xib; sourceTree = "<group>"; };
		4952EB9A1EA0740800A24601 /* LZHomeFirstCell.h */ = {isa = PBXFileReference; fileEncoding = 4; lastKnownFileType = sourcecode.c.h; path = LZHomeFirstCell.h; sourceTree = "<group>"; };
		4952EB9B1EA0740800A24601 /* LZHomeFirstCell.m */ = {isa = PBXFileReference; fileEncoding = 4; lastKnownFileType = sourcecode.c.objc; path = LZHomeFirstCell.m; sourceTree = "<group>"; };
		4952EB9C1EA0740800A24601 /* LZHomeFirstCell.xib */ = {isa = PBXFileReference; fileEncoding = 4; lastKnownFileType = file.xib; path = LZHomeFirstCell.xib; sourceTree = "<group>"; };
		4952EBA11EA0742A00A24601 /* TAAbstractDotView.h */ = {isa = PBXFileReference; fileEncoding = 4; lastKnownFileType = sourcecode.c.h; path = TAAbstractDotView.h; sourceTree = "<group>"; };
		4952EBA21EA0742A00A24601 /* TAAbstractDotView.m */ = {isa = PBXFileReference; fileEncoding = 4; lastKnownFileType = sourcecode.c.objc; path = TAAbstractDotView.m; sourceTree = "<group>"; };
		4952EBA31EA0742A00A24601 /* TAAnimatedDotView.h */ = {isa = PBXFileReference; fileEncoding = 4; lastKnownFileType = sourcecode.c.h; path = TAAnimatedDotView.h; sourceTree = "<group>"; };
		4952EBA41EA0742A00A24601 /* TAAnimatedDotView.m */ = {isa = PBXFileReference; fileEncoding = 4; lastKnownFileType = sourcecode.c.objc; path = TAAnimatedDotView.m; sourceTree = "<group>"; };
		4952EBA51EA0742A00A24601 /* TADotView.h */ = {isa = PBXFileReference; fileEncoding = 4; lastKnownFileType = sourcecode.c.h; path = TADotView.h; sourceTree = "<group>"; };
		4952EBA61EA0742A00A24601 /* TADotView.m */ = {isa = PBXFileReference; fileEncoding = 4; lastKnownFileType = sourcecode.c.objc; path = TADotView.m; sourceTree = "<group>"; };
		4952EBA71EA0742A00A24601 /* TAPageControl.h */ = {isa = PBXFileReference; fileEncoding = 4; lastKnownFileType = sourcecode.c.h; path = TAPageControl.h; sourceTree = "<group>"; };
		4952EBA81EA0742A00A24601 /* TAPageControl.m */ = {isa = PBXFileReference; fileEncoding = 4; lastKnownFileType = sourcecode.c.objc; path = TAPageControl.m; sourceTree = "<group>"; };
		4952EBA91EA0742A00A24601 /* SDCollectionViewCell.h */ = {isa = PBXFileReference; fileEncoding = 4; lastKnownFileType = sourcecode.c.h; path = SDCollectionViewCell.h; sourceTree = "<group>"; };
		4952EBAA1EA0742A00A24601 /* SDCollectionViewCell.m */ = {isa = PBXFileReference; fileEncoding = 4; lastKnownFileType = sourcecode.c.objc; path = SDCollectionViewCell.m; sourceTree = "<group>"; };
		4952EBAB1EA0742A00A24601 /* SDCycleScrollView.h */ = {isa = PBXFileReference; fileEncoding = 4; lastKnownFileType = sourcecode.c.h; path = SDCycleScrollView.h; sourceTree = "<group>"; };
		4952EBAC1EA0742A00A24601 /* SDCycleScrollView.m */ = {isa = PBXFileReference; fileEncoding = 4; lastKnownFileType = sourcecode.c.objc; path = SDCycleScrollView.m; sourceTree = "<group>"; };
		4952EBAD1EA0742A00A24601 /* UIView+SDExtension.h */ = {isa = PBXFileReference; fileEncoding = 4; lastKnownFileType = sourcecode.c.h; path = "UIView+SDExtension.h"; sourceTree = "<group>"; };
		4952EBAE1EA0742A00A24601 /* UIView+SDExtension.m */ = {isa = PBXFileReference; fileEncoding = 4; lastKnownFileType = sourcecode.c.objc; path = "UIView+SDExtension.m"; sourceTree = "<group>"; };
		4952EBB61EA074DF00A24601 /* CommentClass.pch */ = {isa = PBXFileReference; fileEncoding = 4; lastKnownFileType = sourcecode.c.h; name = CommentClass.pch; path = ../CommentClass.pch; sourceTree = "<group>"; };
		4952EBB71EA0786300A24601 /* LZThirdItmesCell.h */ = {isa = PBXFileReference; fileEncoding = 4; lastKnownFileType = sourcecode.c.h; path = LZThirdItmesCell.h; sourceTree = "<group>"; };
		4952EBB81EA0786300A24601 /* LZThirdItmesCell.m */ = {isa = PBXFileReference; fileEncoding = 4; lastKnownFileType = sourcecode.c.objc; path = LZThirdItmesCell.m; sourceTree = "<group>"; };
		4952EBB91EA0786300A24601 /* LZThirdItmesCell.xib */ = {isa = PBXFileReference; fileEncoding = 4; lastKnownFileType = file.xib; path = LZThirdItmesCell.xib; sourceTree = "<group>"; };
		4952EBBC1EA078C300A24601 /* LZHomeThirdCell.h */ = {isa = PBXFileReference; fileEncoding = 4; lastKnownFileType = sourcecode.c.h; path = LZHomeThirdCell.h; sourceTree = "<group>"; };
		4952EBBD1EA078C300A24601 /* LZHomeThirdCell.m */ = {isa = PBXFileReference; fileEncoding = 4; lastKnownFileType = sourcecode.c.objc; path = LZHomeThirdCell.m; sourceTree = "<group>"; };
		4952EBBE1EA078C300A24601 /* LZHomeThirdCell.xib */ = {isa = PBXFileReference; fileEncoding = 4; lastKnownFileType = file.xib; path = LZHomeThirdCell.xib; sourceTree = "<group>"; };
		4952EBC11EA09A1400A24601 /* LZHomeHeadView.h */ = {isa = PBXFileReference; fileEncoding = 4; lastKnownFileType = sourcecode.c.h; path = LZHomeHeadView.h; sourceTree = "<group>"; };
		4952EBC21EA09A1400A24601 /* LZHomeHeadView.m */ = {isa = PBXFileReference; fileEncoding = 4; lastKnownFileType = sourcecode.c.objc; path = LZHomeHeadView.m; sourceTree = "<group>"; };
		4952EBC31EA09A1400A24601 /* LZHomeHeadView.xib */ = {isa = PBXFileReference; fileEncoding = 4; lastKnownFileType = file.xib; path = LZHomeHeadView.xib; sourceTree = "<group>"; };
		4952EBC71EA09B8700A24601 /* HomeInfoCell.h */ = {isa = PBXFileReference; fileEncoding = 4; lastKnownFileType = sourcecode.c.h; path = HomeInfoCell.h; sourceTree = "<group>"; };
		4952EBC81EA09B8700A24601 /* HomeInfoCell.m */ = {isa = PBXFileReference; fileEncoding = 4; lastKnownFileType = sourcecode.c.objc; path = HomeInfoCell.m; sourceTree = "<group>"; };
		4952EBC91EA09B8700A24601 /* HomeInfoCell.xib */ = {isa = PBXFileReference; fileEncoding = 4; lastKnownFileType = file.xib; path = HomeInfoCell.xib; sourceTree = "<group>"; };
		4952EBD21EA0A0F100A24601 /* MineHeadInfoCell.h */ = {isa = PBXFileReference; fileEncoding = 4; lastKnownFileType = sourcecode.c.h; path = MineHeadInfoCell.h; sourceTree = "<group>"; };
		4952EBD31EA0A0F100A24601 /* MineHeadInfoCell.m */ = {isa = PBXFileReference; fileEncoding = 4; lastKnownFileType = sourcecode.c.objc; path = MineHeadInfoCell.m; sourceTree = "<group>"; };
		4952EBD41EA0A0F100A24601 /* MineHeadInfoCell.xib */ = {isa = PBXFileReference; fileEncoding = 4; lastKnownFileType = file.xib; path = MineHeadInfoCell.xib; sourceTree = "<group>"; };
		49A369971EA4614200BD34B2 /* LZMineMeansController.h */ = {isa = PBXFileReference; fileEncoding = 4; lastKnownFileType = sourcecode.c.h; path = LZMineMeansController.h; sourceTree = "<group>"; };
		49A369981EA4614200BD34B2 /* LZMineMeansController.m */ = {isa = PBXFileReference; fileEncoding = 4; lastKnownFileType = sourcecode.c.objc; path = LZMineMeansController.m; sourceTree = "<group>"; };
		49A3699A1EA4615200BD34B2 /* LZMineMeansController.storyboard */ = {isa = PBXFileReference; fileEncoding = 4; lastKnownFileType = file.storyboard; path = LZMineMeansController.storyboard; sourceTree = "<group>"; };
		49A3699C1EA4660F00BD34B2 /* LZEditMeansController.h */ = {isa = PBXFileReference; fileEncoding = 4; lastKnownFileType = sourcecode.c.h; path = LZEditMeansController.h; sourceTree = "<group>"; };
		49A3699D1EA4660F00BD34B2 /* LZEditMeansController.m */ = {isa = PBXFileReference; fileEncoding = 4; lastKnownFileType = sourcecode.c.objc; path = LZEditMeansController.m; sourceTree = "<group>"; };
		49A369A01EA469CE00BD34B2 /* EducationTableViewController.h */ = {isa = PBXFileReference; fileEncoding = 4; lastKnownFileType = sourcecode.c.h; path = EducationTableViewController.h; sourceTree = "<group>"; };
		49A369A11EA469CE00BD34B2 /* EducationTableViewController.m */ = {isa = PBXFileReference; fileEncoding = 4; lastKnownFileType = sourcecode.c.objc; path = EducationTableViewController.m; sourceTree = "<group>"; };
		49A369A41EA4888A00BD34B2 /* LZCharacteristicViewController.h */ = {isa = PBXFileReference; fileEncoding = 4; lastKnownFileType = sourcecode.c.h; path = LZCharacteristicViewController.h; sourceTree = "<group>"; };
		49A369A51EA4888A00BD34B2 /* LZCharacteristicViewController.m */ = {isa = PBXFileReference; fileEncoding = 4; lastKnownFileType = sourcecode.c.objc; path = LZCharacteristicViewController.m; sourceTree = "<group>"; };
		49A369AB1EA48A9E00BD34B2 /* LZSuccessTableViewController.h */ = {isa = PBXFileReference; fileEncoding = 4; lastKnownFileType = sourcecode.c.h; path = LZSuccessTableViewController.h; sourceTree = "<group>"; };
		49A369AC1EA48A9E00BD34B2 /* LZSuccessTableViewController.m */ = {isa = PBXFileReference; fileEncoding = 4; lastKnownFileType = sourcecode.c.objc; path = LZSuccessTableViewController.m; sourceTree = "<group>"; };
		49A369AF1EA490A600BD34B2 /* LZGloryTableViewController.h */ = {isa = PBXFileReference; fileEncoding = 4; lastKnownFileType = sourcecode.c.h; path = LZGloryTableViewController.h; sourceTree = "<group>"; };
		49A369B01EA490A600BD34B2 /* LZGloryTableViewController.m */ = {isa = PBXFileReference; fileEncoding = 4; lastKnownFileType = sourcecode.c.objc; path = LZGloryTableViewController.m; sourceTree = "<group>"; };
		49A369B21EA491DA00BD34B2 /* JGJBttonmQYView.h */ = {isa = PBXFileReference; fileEncoding = 4; lastKnownFileType = sourcecode.c.h; path = JGJBttonmQYView.h; sourceTree = "<group>"; };
		49A369B31EA491DA00BD34B2 /* JGJBttonmQYView.m */ = {isa = PBXFileReference; fileEncoding = 4; lastKnownFileType = sourcecode.c.objc; path = JGJBttonmQYView.m; sourceTree = "<group>"; };
		49A369B41EA491DA00BD34B2 /* JGJBttonmQYView.xib */ = {isa = PBXFileReference; fileEncoding = 4; lastKnownFileType = file.xib; path = JGJBttonmQYView.xib; sourceTree = "<group>"; };
		4D7583BF5C16AC2FBA4418BF /* Pods-Teacher.debug.xcconfig */ = {isa = PBXFileReference; includeInIndex = 1; lastKnownFileType = text.xcconfig; name = "Pods-Teacher.debug.xcconfig"; path = "Pods/Target Support Files/Pods-Teacher/Pods-Teacher.debug.xcconfig"; sourceTree = "<group>"; };
		4DE83D8F565AE851774A3B60 /* Pods-Teacher.release.xcconfig */ = {isa = PBXFileReference; includeInIndex = 1; lastKnownFileType = text.xcconfig; name = "Pods-Teacher.release.xcconfig"; path = "Pods/Target Support Files/Pods-Teacher/Pods-Teacher.release.xcconfig"; sourceTree = "<group>"; };
/* End PBXFileReference section */

/* Begin PBXFrameworksBuildPhase section */
		491BA1ED1E7B814100E92175 /* Frameworks */ = {
			isa = PBXFrameworksBuildPhase;
			buildActionMask = 2147483647;
			files = (
				16C2C5DE7428F368BC890556 /* libPods-Teacher.a in Frameworks */,
			);
			runOnlyForDeploymentPostprocessing = 0;
		};
		491BA2061E7B814100E92175 /* Frameworks */ = {
			isa = PBXFrameworksBuildPhase;
			buildActionMask = 2147483647;
			files = (
			);
			runOnlyForDeploymentPostprocessing = 0;
		};
		491BA2111E7B814100E92175 /* Frameworks */ = {
			isa = PBXFrameworksBuildPhase;
			buildActionMask = 2147483647;
			files = (
			);
			runOnlyForDeploymentPostprocessing = 0;
		};
/* End PBXFrameworksBuildPhase section */

/* Begin PBXGroup section */
		217A9C581EA3340A005515BE /* 我的钱包 */ = {
			isa = PBXGroup;
			children = (
				217A9C891EA34A85005515BE /* LZPayViewController.storyboard */,
				217A9C591EA3340A005515BE /* LZBalancePayViewController.h */,
				217A9C5A1EA3340A005515BE /* LZBalancePayViewController.m */,
				217A9C5B1EA3340A005515BE /* LZBalanceViewController.h */,
				217A9C5C1EA3340A005515BE /* LZBalanceViewController.m */,
				217A9C5D1EA3340A005515BE /* LZMinePurseViewController.h */,
				217A9C5E1EA3340A005515BE /* LZMinePurseViewController.m */,
				217A9C5F1EA3340A005515BE /* LZMinePurseViewController.xib */,
				217A9C601EA3340A005515BE /* LZProfitDetailViewController.h */,
				217A9C611EA3340A005515BE /* LZProfitDetailViewController.m */,
				217A9C621EA3340A005515BE /* LZProfitDetailViewController.xib */,
				217A9C631EA3340A005515BE /* View */,
			);
			path = "我的钱包";
			sourceTree = "<group>";
		};
		217A9C631EA3340A005515BE /* View */ = {
			isa = PBXGroup;
			children = (
				217A9C641EA3340A005515BE /* LZMinePurseFirstCell.h */,
				217A9C651EA3340A005515BE /* LZMinePurseFirstCell.m */,
				217A9C661EA3340A005515BE /* LZMinePurseFirstCell.xib */,
				217A9C671EA3340A005515BE /* LZMinePurseSecondCell.h */,
				217A9C681EA3340A005515BE /* LZMinePurseSecondCell.m */,
				217A9C691EA3340A005515BE /* LZMinePurseSecondCell.xib */,
				217A9C6A1EA3340A005515BE /* LZPayDetailCell.h */,
				217A9C6B1EA3340A005515BE /* LZPayDetailCell.m */,
				217A9C6C1EA3340A005515BE /* LZPayDetailCell.xib */,
			);
			path = View;
			sourceTree = "<group>";
		};
		217A9C7F1EA34A21005515BE /* 三方类 */ = {
			isa = PBXGroup;
			children = (
				217A9CC91EA34ED8005515BE /* SegmentView.h */,
				217A9CCA1EA34ED8005515BE /* SegmentView.m */,
				217A9C801EA34A21005515BE /* NSString+stringSizeCalculate.h */,
				217A9C811EA34A21005515BE /* NSString+stringSizeCalculate.m */,
				217A9C831EA34A2D005515BE /* NSString+Check.h */,
				217A9C841EA34A2D005515BE /* NSString+Check.m */,
				217A9C851EA34A2D005515BE /* NSStringVerify.h */,
				217A9C861EA34A2D005515BE /* NSStringVerify.m */,
			);
			path = "三方类";
			sourceTree = "<group>";
		};
		217A9CCC1EA35042005515BE /* 我的订单 */ = {
			isa = PBXGroup;
			children = (
				217A9CD21EA3511D005515BE /* LZMineOrderViewController.h */,
				217A9CD31EA3511D005515BE /* LZMineOrderViewController.m */,
				217A9CD41EA3511D005515BE /* LZMineOrderViewController.xib */,
			);
			path = "我的订单";
			sourceTree = "<group>";
		};
		217A9CD71EA352DF005515BE /* 投诉建议 */ = {
			isa = PBXGroup;
			children = (
				217A9CD81EA352DF005515BE /* LZYJViewController.h */,
				217A9CD91EA352DF005515BE /* LZYJViewController.m */,
				217A9CDA1EA352DF005515BE /* LZYJViewController.xib */,
				217A9CDB1EA352DF005515BE /* QIAOTextView.h */,
				217A9CDC1EA352DF005515BE /* QIAOTextView.m */,
			);
			path = "投诉建议";
			sourceTree = "<group>";
		};
		217A9CE01EA354F8005515BE /* 教学档案 */ = {
			isa = PBXGroup;
			children = (
				217A9CE11EA35525005515BE /* LZMineDangAnViewController.h */,
				217A9CE21EA35525005515BE /* LZMineDangAnViewController.m */,
				217A9CE31EA35525005515BE /* LZMineDangAnViewController.xib */,
				217A9CE61EA35544005515BE /* LZMinedangAnCell.h */,
				217A9CE71EA35544005515BE /* LZMinedangAnCell.m */,
				217A9CE81EA35544005515BE /* LZMinedangAnCell.xib */,
			);
			path = "教学档案";
			sourceTree = "<group>";
		};
		217A9CEB1EA35BD3005515BE /* 我的学生 */ = {
			isa = PBXGroup;
			children = (
				217A9CF11EA35BE6005515BE /* MineTeacherCell.h */,
				217A9CF21EA35BE6005515BE /* MineTeacherCell.m */,
				217A9CF31EA35BE6005515BE /* MineTeacherCell.xib */,
				217A9CEC1EA35BDA005515BE /* LZMineTeacherViewController.h */,
				217A9CED1EA35BDA005515BE /* LZMineTeacherViewController.m */,
				217A9CEE1EA35BDA005515BE /* LZMineTeacherViewController.xib */,
			);
			path = "我的学生";
			sourceTree = "<group>";
		};
		491BA1E71E7B814100E92175 = {
			isa = PBXGroup;
			children = (
				491BA1F21E7B814100E92175 /* Teacher */,
				491BA20C1E7B814100E92175 /* TeacherTests */,
				491BA2171E7B814100E92175 /* TeacherUITests */,
				491BA1F11E7B814100E92175 /* Products */,
				BD90099FD07E20E817EF02F0 /* Pods */,
				AF3EA2A021BCF77C0A7B7F65 /* Frameworks */,
			);
			sourceTree = "<group>";
		};
		491BA1F11E7B814100E92175 /* Products */ = {
			isa = PBXGroup;
			children = (
				491BA1F01E7B814100E92175 /* Teacher.app */,
				491BA2091E7B814100E92175 /* TeacherTests.xctest */,
				491BA2141E7B814100E92175 /* TeacherUITests.xctest */,
			);
			name = Products;
			sourceTree = "<group>";
		};
		491BA1F21E7B814100E92175 /* Teacher */ = {
			isa = PBXGroup;
			children = (
				217A9C7F1EA34A21005515BE /* 三方类 */,
				491BA2261E7B816300E92175 /* 公共类 */,
				491BA2281E7B816300E92175 /* 网络请求 */,
				491BA2291E7B816300E92175 /* CLASS */,
				491BA1F61E7B814100E92175 /* AppDelegate.h */,
				491BA1F71E7B814100E92175 /* AppDelegate.m */,
				491BA1F91E7B814100E92175 /* ViewController.h */,
				491BA1FA1E7B814100E92175 /* ViewController.m */,
				491BA1FC1E7B814100E92175 /* Main.storyboard */,
				491BA1FF1E7B814100E92175 /* Assets.xcassets */,
				491BA2011E7B814100E92175 /* LaunchScreen.storyboard */,
				491BA2041E7B814100E92175 /* Info.plist */,
				491BA1F31E7B814100E92175 /* Supporting Files */,
			);
			path = Teacher;
			sourceTree = "<group>";
		};
		491BA1F31E7B814100E92175 /* Supporting Files */ = {
			isa = PBXGroup;
			children = (
				491BA1F41E7B814100E92175 /* main.m */,
			);
			name = "Supporting Files";
			sourceTree = "<group>";
		};
		491BA20C1E7B814100E92175 /* TeacherTests */ = {
			isa = PBXGroup;
			children = (
				491BA20D1E7B814100E92175 /* TeacherTests.m */,
				491BA20F1E7B814100E92175 /* Info.plist */,
			);
			path = TeacherTests;
			sourceTree = "<group>";
		};
		491BA2171E7B814100E92175 /* TeacherUITests */ = {
			isa = PBXGroup;
			children = (
				491BA2181E7B814100E92175 /* TeacherUITests.m */,
				491BA21A1E7B814100E92175 /* Info.plist */,
			);
			path = TeacherUITests;
			sourceTree = "<group>";
		};
		491BA2261E7B816300E92175 /* 公共类 */ = {
			isa = PBXGroup;
			children = (
				4952EBB61EA074DF00A24601 /* CommentClass.pch */,
				4952EB9F1EA0742A00A24601 /* SDCycleScrollView */,
			);
			path = "公共类";
			sourceTree = "<group>";
		};
		491BA2281E7B816300E92175 /* 网络请求 */ = {
			isa = PBXGroup;
			children = (
			);
			path = "网络请求";
			sourceTree = "<group>";
		};
		491BA2291E7B816300E92175 /* CLASS */ = {
			isa = PBXGroup;
			children = (
				491BA2441E7B816300E92175 /* 首页 */,
				491BA2571E7B823E00E92175 /* 课程表 */,
				491BA2561E7B823E00E92175 /* 订单中心 */,
				491BA2581E7B823E00E92175 /* 生源池 */,
				491BA2381E7B816300E92175 /* 我的 */,
				491BA22A1E7B816300E92175 /* TabBar */,
			);
			path = CLASS;
			sourceTree = "<group>";
		};
		491BA22A1E7B816300E92175 /* TabBar */ = {
			isa = PBXGroup;
			children = (
				491BA22B1E7B816300E92175 /* GeneralDefine.h */,
				491BA22C1E7B816300E92175 /* HHNavigationViewController.h */,
				491BA22D1E7B816300E92175 /* HHNavigationViewController.m */,
				491BA22E1E7B816300E92175 /* HHTababr.h */,
				491BA22F1E7B816300E92175 /* HHTababr.m */,
				491BA2301E7B816300E92175 /* HHTabbarViewController.h */,
				491BA2311E7B816300E92175 /* HHTabbarViewController.m */,
				491BA2321E7B816300E92175 /* LZRootViewController.h */,
				491BA2331E7B816300E92175 /* LZRootViewController.m */,
				491BA2341E7B816300E92175 /* UIBarButtonItem+WNXBarButtonItem.h */,
				491BA2351E7B816300E92175 /* UIBarButtonItem+WNXBarButtonItem.m */,
				491BA2361E7B816300E92175 /* UIImage+Color.h */,
				491BA2371E7B816300E92175 /* UIImage+Color.m */,
			);
			path = TabBar;
			sourceTree = "<group>";
		};
		491BA2381E7B816300E92175 /* 我的 */ = {
			isa = PBXGroup;
			children = (
				49A369961EA460FC00BD34B2 /* 个人资料 */,
				217A9CEB1EA35BD3005515BE /* 我的学生 */,
				217A9CE01EA354F8005515BE /* 教学档案 */,
				217A9CD71EA352DF005515BE /* 投诉建议 */,
				217A9CCC1EA35042005515BE /* 我的订单 */,
				217A9C581EA3340A005515BE /* 我的钱包 */,
				4952EBD11EA0A0D600A24601 /* view */,
				491BA26D1E7B832C00E92175 /* LZMineViewController.h */,
				491BA26E1E7B832C00E92175 /* LZMineViewController.m */,
				491BA26F1E7B832C00E92175 /* LZMineViewController.xib */,
			);
			path = "我的";
			sourceTree = "<group>";
		};
		491BA2441E7B816300E92175 /* 首页 */ = {
			isa = PBXGroup;
			children = (
				4952EBC61EA09B6A00A24601 /* NoView */,
				4952EB8A1EA05BA000A24601 /* View */,
				491BA2451E7B816300E92175 /* LZHomeViewController.h */,
				491BA2461E7B816300E92175 /* LZHomeViewController.m */,
				491BA2471E7B816300E92175 /* LZHomeViewController.xib */,
			);
			path = "首页";
			sourceTree = "<group>";
		};
		491BA2561E7B823E00E92175 /* 订单中心 */ = {
			isa = PBXGroup;
			children = (
				491BA25E1E7B828600E92175 /* LZOrderViewController.h */,
				491BA25F1E7B828600E92175 /* LZOrderViewController.m */,
				491BA2601E7B828600E92175 /* LZOrderViewController.xib */,
			);
			path = "订单中心";
			sourceTree = "<group>";
		};
		491BA2571E7B823E00E92175 /* 课程表 */ = {
			isa = PBXGroup;
			children = (
				491BA2591E7B827300E92175 /* LZCourseViewController.h */,
				491BA25A1E7B827300E92175 /* LZCourseViewController.m */,
				491BA25B1E7B827300E92175 /* LZCourseViewController.xib */,
			);
			path = "课程表";
			sourceTree = "<group>";
		};
		491BA2581E7B823E00E92175 /* 生源池 */ = {
			isa = PBXGroup;
			children = (
				491BA2681E7B830F00E92175 /* LZPublicViewController.h */,
				491BA2691E7B830F00E92175 /* LZPublicViewController.m */,
				491BA26A1E7B830F00E92175 /* LZPublicViewController.xib */,
			);
			path = "生源池";
			sourceTree = "<group>";
		};
		4952EB8A1EA05BA000A24601 /* View */ = {
			isa = PBXGroup;
			children = (
				4952EB9A1EA0740800A24601 /* LZHomeFirstCell.h */,
				4952EB9B1EA0740800A24601 /* LZHomeFirstCell.m */,
				4952EB9C1EA0740800A24601 /* LZHomeFirstCell.xib */,
				4952EB8B1EA05BD900A24601 /* LZHomeTaskCell.h */,
				4952EB8C1EA05BD900A24601 /* LZHomeTaskCell.m */,
				4952EB8D1EA05BD900A24601 /* LZHomeTaskCell.xib */,
				4952EBBC1EA078C300A24601 /* LZHomeThirdCell.h */,
				4952EBBD1EA078C300A24601 /* LZHomeThirdCell.m */,
				4952EBBE1EA078C300A24601 /* LZHomeThirdCell.xib */,
				4952EBB71EA0786300A24601 /* LZThirdItmesCell.h */,
				4952EBB81EA0786300A24601 /* LZThirdItmesCell.m */,
				4952EBB91EA0786300A24601 /* LZThirdItmesCell.xib */,
				4952EB901EA071D800A24601 /* LZHomeItmesCell.h */,
				4952EB911EA071D800A24601 /* LZHomeItmesCell.m */,
				4952EB921EA071D800A24601 /* LZHomeItmesCell.xib */,
				4952EB951EA0721400A24601 /* ItmesCell.h */,
				4952EB961EA0721400A24601 /* ItmesCell.m */,
				4952EB971EA0721400A24601 /* ItmesCell.xib */,
				4952EBC11EA09A1400A24601 /* LZHomeHeadView.h */,
				4952EBC21EA09A1400A24601 /* LZHomeHeadView.m */,
				4952EBC31EA09A1400A24601 /* LZHomeHeadView.xib */,
			);
			path = View;
			sourceTree = "<group>";
		};
		4952EB9F1EA0742A00A24601 /* SDCycleScrollView */ = {
			isa = PBXGroup;
			children = (
				4952EBA01EA0742A00A24601 /* PageControl */,
				4952EBA91EA0742A00A24601 /* SDCollectionViewCell.h */,
				4952EBAA1EA0742A00A24601 /* SDCollectionViewCell.m */,
				4952EBAB1EA0742A00A24601 /* SDCycleScrollView.h */,
				4952EBAC1EA0742A00A24601 /* SDCycleScrollView.m */,
				4952EBAD1EA0742A00A24601 /* UIView+SDExtension.h */,
				4952EBAE1EA0742A00A24601 /* UIView+SDExtension.m */,
			);
			path = SDCycleScrollView;
			sourceTree = "<group>";
		};
		4952EBA01EA0742A00A24601 /* PageControl */ = {
			isa = PBXGroup;
			children = (
				4952EBA11EA0742A00A24601 /* TAAbstractDotView.h */,
				4952EBA21EA0742A00A24601 /* TAAbstractDotView.m */,
				4952EBA31EA0742A00A24601 /* TAAnimatedDotView.h */,
				4952EBA41EA0742A00A24601 /* TAAnimatedDotView.m */,
				4952EBA51EA0742A00A24601 /* TADotView.h */,
				4952EBA61EA0742A00A24601 /* TADotView.m */,
				4952EBA71EA0742A00A24601 /* TAPageControl.h */,
				4952EBA81EA0742A00A24601 /* TAPageControl.m */,
			);
			path = PageControl;
			sourceTree = "<group>";
		};
		4952EBC61EA09B6A00A24601 /* NoView */ = {
			isa = PBXGroup;
			children = (
				4952EBC71EA09B8700A24601 /* HomeInfoCell.h */,
				4952EBC81EA09B8700A24601 /* HomeInfoCell.m */,
				4952EBC91EA09B8700A24601 /* HomeInfoCell.xib */,
			);
			path = NoView;
			sourceTree = "<group>";
		};
		4952EBD11EA0A0D600A24601 /* view */ = {
			isa = PBXGroup;
			children = (
				4952EBD21EA0A0F100A24601 /* MineHeadInfoCell.h */,
				4952EBD31EA0A0F100A24601 /* MineHeadInfoCell.m */,
				4952EBD41EA0A0F100A24601 /* MineHeadInfoCell.xib */,
				217A9C531EA32D16005515BE /* MineSecondCell.h */,
				217A9C541EA32D16005515BE /* MineSecondCell.m */,
				217A9C551EA32D16005515BE /* MineSecondCell.xib */,
			);
			path = view;
			sourceTree = "<group>";
		};
		49A369961EA460FC00BD34B2 /* 个人资料 */ = {
			isa = PBXGroup;
			children = (
				49A369AE1EA4906D00BD34B2 /* 荣誉奖励 */,
				49A369AA1EA489ED00BD34B2 /* 成功案例 */,
				49A369A31EA4704700BD34B2 /* 教学特点 */,
				49A3699F1EA468D600BD34B2 /* 教育经历 */,
				49A369971EA4614200BD34B2 /* LZMineMeansController.h */,
				49A369981EA4614200BD34B2 /* LZMineMeansController.m */,
				49A3699A1EA4615200BD34B2 /* LZMineMeansController.storyboard */,
				49A3699C1EA4660F00BD34B2 /* LZEditMeansController.h */,
				49A3699D1EA4660F00BD34B2 /* LZEditMeansController.m */,
			);
			path = "个人资料";
			sourceTree = "<group>";
		};
		49A3699F1EA468D600BD34B2 /* 教育经历 */ = {
			isa = PBXGroup;
			children = (
				49A369A01EA469CE00BD34B2 /* EducationTableViewController.h */,
				49A369A11EA469CE00BD34B2 /* EducationTableViewController.m */,
			);
			path = "教育经历";
			sourceTree = "<group>";
		};
		49A369A31EA4704700BD34B2 /* 教学特点 */ = {
			isa = PBXGroup;
			children = (
				49A369A41EA4888A00BD34B2 /* LZCharacteristicViewController.h */,
				49A369A51EA4888A00BD34B2 /* LZCharacteristicViewController.m */,
			);
			path = "教学特点";
			sourceTree = "<group>";
		};
		49A369AA1EA489ED00BD34B2 /* 成功案例 */ = {
			isa = PBXGroup;
			children = (
				49A369AB1EA48A9E00BD34B2 /* LZSuccessTableViewController.h */,
				49A369AC1EA48A9E00BD34B2 /* LZSuccessTableViewController.m */,
			);
			path = "成功案例";
			sourceTree = "<group>";
		};
		49A369AE1EA4906D00BD34B2 /* 荣誉奖励 */ = {
			isa = PBXGroup;
			children = (
				49A369B21EA491DA00BD34B2 /* JGJBttonmQYView.h */,
				49A369B31EA491DA00BD34B2 /* JGJBttonmQYView.m */,
				49A369B41EA491DA00BD34B2 /* JGJBttonmQYView.xib */,
				49A369AF1EA490A600BD34B2 /* LZGloryTableViewController.h */,
				49A369B01EA490A600BD34B2 /* LZGloryTableViewController.m */,
			);
			path = "荣誉奖励";
			sourceTree = "<group>";
		};
		AF3EA2A021BCF77C0A7B7F65 /* Frameworks */ = {
			isa = PBXGroup;
			children = (
				1FEFBC676F5EC7FF2109A350 /* libPods-Teacher.a */,
			);
			name = Frameworks;
			sourceTree = "<group>";
		};
		BD90099FD07E20E817EF02F0 /* Pods */ = {
			isa = PBXGroup;
			children = (
				4D7583BF5C16AC2FBA4418BF /* Pods-Teacher.debug.xcconfig */,
				4DE83D8F565AE851774A3B60 /* Pods-Teacher.release.xcconfig */,
			);
			name = Pods;
			sourceTree = "<group>";
		};
/* End PBXGroup section */

/* Begin PBXNativeTarget section */
		491BA1EF1E7B814100E92175 /* Teacher */ = {
			isa = PBXNativeTarget;
			buildConfigurationList = 491BA21D1E7B814100E92175 /* Build configuration list for PBXNativeTarget "Teacher" */;
			buildPhases = (
				8D8738A21E8BC32F917D6943 /* [CP] Check Pods Manifest.lock */,
				491BA1EC1E7B814100E92175 /* Sources */,
				491BA1ED1E7B814100E92175 /* Frameworks */,
				491BA1EE1E7B814100E92175 /* Resources */,
				0D7975CB05622CC7E8D768AD /* [CP] Embed Pods Frameworks */,
				7C3A886488B70FBB5AF5293E /* [CP] Copy Pods Resources */,
			);
			buildRules = (
			);
			dependencies = (
			);
			name = Teacher;
			productName = Teacher;
			productReference = 491BA1F01E7B814100E92175 /* Teacher.app */;
			productType = "com.apple.product-type.application";
		};
		491BA2081E7B814100E92175 /* TeacherTests */ = {
			isa = PBXNativeTarget;
			buildConfigurationList = 491BA2201E7B814100E92175 /* Build configuration list for PBXNativeTarget "TeacherTests" */;
			buildPhases = (
				491BA2051E7B814100E92175 /* Sources */,
				491BA2061E7B814100E92175 /* Frameworks */,
				491BA2071E7B814100E92175 /* Resources */,
			);
			buildRules = (
			);
			dependencies = (
				491BA20B1E7B814100E92175 /* PBXTargetDependency */,
			);
			name = TeacherTests;
			productName = TeacherTests;
			productReference = 491BA2091E7B814100E92175 /* TeacherTests.xctest */;
			productType = "com.apple.product-type.bundle.unit-test";
		};
		491BA2131E7B814100E92175 /* TeacherUITests */ = {
			isa = PBXNativeTarget;
			buildConfigurationList = 491BA2231E7B814100E92175 /* Build configuration list for PBXNativeTarget "TeacherUITests" */;
			buildPhases = (
				491BA2101E7B814100E92175 /* Sources */,
				491BA2111E7B814100E92175 /* Frameworks */,
				491BA2121E7B814100E92175 /* Resources */,
			);
			buildRules = (
			);
			dependencies = (
				491BA2161E7B814100E92175 /* PBXTargetDependency */,
			);
			name = TeacherUITests;
			productName = TeacherUITests;
			productReference = 491BA2141E7B814100E92175 /* TeacherUITests.xctest */;
			productType = "com.apple.product-type.bundle.ui-testing";
		};
/* End PBXNativeTarget section */

/* Begin PBXProject section */
		491BA1E81E7B814100E92175 /* Project object */ = {
			isa = PBXProject;
			attributes = {
				LastUpgradeCheck = 0820;
				ORGANIZATIONNAME = "白慧峰";
				TargetAttributes = {
					491BA1EF1E7B814100E92175 = {
						CreatedOnToolsVersion = 8.2.1;
						DevelopmentTeam = 2Y3Z3T4NVH;
						ProvisioningStyle = Automatic;
					};
					491BA2081E7B814100E92175 = {
						CreatedOnToolsVersion = 8.2.1;
						DevelopmentTeam = 2Y3Z3T4NVH;
						ProvisioningStyle = Automatic;
						TestTargetID = 491BA1EF1E7B814100E92175;
					};
					491BA2131E7B814100E92175 = {
						CreatedOnToolsVersion = 8.2.1;
						DevelopmentTeam = 2Y3Z3T4NVH;
						ProvisioningStyle = Automatic;
						TestTargetID = 491BA1EF1E7B814100E92175;
					};
				};
			};
			buildConfigurationList = 491BA1EB1E7B814100E92175 /* Build configuration list for PBXProject "Teacher" */;
			compatibilityVersion = "Xcode 3.2";
			developmentRegion = English;
			hasScannedForEncodings = 0;
			knownRegions = (
				en,
				Base,
			);
			mainGroup = 491BA1E71E7B814100E92175;
			productRefGroup = 491BA1F11E7B814100E92175 /* Products */;
			projectDirPath = "";
			projectRoot = "";
			targets = (
				491BA1EF1E7B814100E92175 /* Teacher */,
				491BA2081E7B814100E92175 /* TeacherTests */,
				491BA2131E7B814100E92175 /* TeacherUITests */,
			);
		};
/* End PBXProject section */

/* Begin PBXResourcesBuildPhase section */
		491BA1EE1E7B814100E92175 /* Resources */ = {
			isa = PBXResourcesBuildPhase;
			buildActionMask = 2147483647;
			files = (
				4952EBC01EA078C300A24601 /* LZHomeThirdCell.xib in Resources */,
				4952EB8F1EA05BD900A24601 /* LZHomeTaskCell.xib in Resources */,
				217A9C741EA3340A005515BE /* LZMinePurseFirstCell.xib in Resources */,
				4952EBC51EA09A1400A24601 /* LZHomeHeadView.xib in Resources */,
				4952EBBB1EA0786300A24601 /* LZThirdItmesCell.xib in Resources */,
				491BA26C1E7B830F00E92175 /* LZPublicViewController.xib in Resources */,
				217A9CF01EA35BDA005515BE /* LZMineTeacherViewController.xib in Resources */,
				491BA2551E7B816300E92175 /* LZHomeViewController.xib in Resources */,
				4952EBCB1EA09B8700A24601 /* HomeInfoCell.xib in Resources */,
				4952EB9E1EA0740800A24601 /* LZHomeFirstCell.xib in Resources */,
				217A9CE51EA35525005515BE /* LZMineDangAnViewController.xib in Resources */,
				217A9CF51EA35BE6005515BE /* MineTeacherCell.xib in Resources */,
				491BA2031E7B814100E92175 /* LaunchScreen.storyboard in Resources */,
				4952EBD61EA0A0F100A24601 /* MineHeadInfoCell.xib in Resources */,
				4952EB991EA0721400A24601 /* ItmesCell.xib in Resources */,
				217A9CEA1EA35544005515BE /* LZMinedangAnCell.xib in Resources */,
				49A3699B1EA4615200BD34B2 /* LZMineMeansController.storyboard in Resources */,
				491BA25D1E7B827300E92175 /* LZCourseViewController.xib in Resources */,
				217A9CDE1EA352DF005515BE /* LZYJViewController.xib in Resources */,
				217A9CD61EA3511D005515BE /* LZMineOrderViewController.xib in Resources */,
				491BA2621E7B828600E92175 /* LZOrderViewController.xib in Resources */,
				217A9C761EA3340A005515BE /* LZMinePurseSecondCell.xib in Resources */,
				491BA2001E7B814100E92175 /* Assets.xcassets in Resources */,
				217A9C721EA3340A005515BE /* LZProfitDetailViewController.xib in Resources */,
				49A369B61EA491DA00BD34B2 /* JGJBttonmQYView.xib in Resources */,
				217A9C701EA3340A005515BE /* LZMinePurseViewController.xib in Resources */,
				491BA1FE1E7B814100E92175 /* Main.storyboard in Resources */,
				491BA2711E7B832C00E92175 /* LZMineViewController.xib in Resources */,
				217A9C8A1EA34A85005515BE /* LZPayViewController.storyboard in Resources */,
				217A9C571EA32D16005515BE /* MineSecondCell.xib in Resources */,
				217A9C781EA3340A005515BE /* LZPayDetailCell.xib in Resources */,
				4952EB941EA071D800A24601 /* LZHomeItmesCell.xib in Resources */,
			);
			runOnlyForDeploymentPostprocessing = 0;
		};
		491BA2071E7B814100E92175 /* Resources */ = {
			isa = PBXResourcesBuildPhase;
			buildActionMask = 2147483647;
			files = (
			);
			runOnlyForDeploymentPostprocessing = 0;
		};
		491BA2121E7B814100E92175 /* Resources */ = {
			isa = PBXResourcesBuildPhase;
			buildActionMask = 2147483647;
			files = (
			);
			runOnlyForDeploymentPostprocessing = 0;
		};
/* End PBXResourcesBuildPhase section */

/* Begin PBXShellScriptBuildPhase section */
		0D7975CB05622CC7E8D768AD /* [CP] Embed Pods Frameworks */ = {
			isa = PBXShellScriptBuildPhase;
			buildActionMask = 2147483647;
			files = (
			);
			inputPaths = (
			);
			name = "[CP] Embed Pods Frameworks";
			outputPaths = (
			);
			runOnlyForDeploymentPostprocessing = 0;
			shellPath = /bin/sh;
			shellScript = "\"${SRCROOT}/Pods/Target Support Files/Pods-Teacher/Pods-Teacher-frameworks.sh\"\n";
			showEnvVarsInLog = 0;
		};
		7C3A886488B70FBB5AF5293E /* [CP] Copy Pods Resources */ = {
			isa = PBXShellScriptBuildPhase;
			buildActionMask = 2147483647;
			files = (
			);
			inputPaths = (
			);
			name = "[CP] Copy Pods Resources";
			outputPaths = (
			);
			runOnlyForDeploymentPostprocessing = 0;
			shellPath = /bin/sh;
			shellScript = "\"${SRCROOT}/Pods/Target Support Files/Pods-Teacher/Pods-Teacher-resources.sh\"\n";
			showEnvVarsInLog = 0;
		};
		8D8738A21E8BC32F917D6943 /* [CP] Check Pods Manifest.lock */ = {
			isa = PBXShellScriptBuildPhase;
			buildActionMask = 2147483647;
			files = (
			);
			inputPaths = (
			);
			name = "[CP] Check Pods Manifest.lock";
			outputPaths = (
			);
			runOnlyForDeploymentPostprocessing = 0;
			shellPath = /bin/sh;
			shellScript = "diff \"${PODS_ROOT}/../Podfile.lock\" \"${PODS_ROOT}/Manifest.lock\" > /dev/null\nif [ $? != 0 ] ; then\n    # print error to STDERR\n    echo \"error: The sandbox is not in sync with the Podfile.lock. Run 'pod install' or update your CocoaPods installation.\" >&2\n    exit 1\nfi\n";
			showEnvVarsInLog = 0;
		};
/* End PBXShellScriptBuildPhase section */

/* Begin PBXSourcesBuildPhase section */
		491BA1EC1E7B814100E92175 /* Sources */ = {
			isa = PBXSourcesBuildPhase;
			buildActionMask = 2147483647;
			files = (
				491BA2541E7B816300E92175 /* LZHomeViewController.m in Sources */,
				217A9C711EA3340A005515BE /* LZProfitDetailViewController.m in Sources */,
				4952EBB11EA0742A00A24601 /* TADotView.m in Sources */,
				217A9C821EA34A21005515BE /* NSString+stringSizeCalculate.m in Sources */,
				217A9C871EA34A2D005515BE /* NSString+Check.m in Sources */,
				217A9C731EA3340A005515BE /* LZMinePurseFirstCell.m in Sources */,
				217A9C881EA34A2D005515BE /* NSStringVerify.m in Sources */,
				491BA1FB1E7B814100E92175 /* ViewController.m in Sources */,
				491BA2491E7B816300E92175 /* HHTababr.m in Sources */,
				49A369B11EA490A600BD34B2 /* LZGloryTableViewController.m in Sources */,
				4952EBBF1EA078C300A24601 /* LZHomeThirdCell.m in Sources */,
				491BA1F81E7B814100E92175 /* AppDelegate.m in Sources */,
				49A369A61EA4888A00BD34B2 /* LZCharacteristicViewController.m in Sources */,
				4952EBAF1EA0742A00A24601 /* TAAbstractDotView.m in Sources */,
				49A369AD1EA48A9E00BD34B2 /* LZSuccessTableViewController.m in Sources */,
				491BA2481E7B816300E92175 /* HHNavigationViewController.m in Sources */,
				4952EBB41EA0742A00A24601 /* SDCycleScrollView.m in Sources */,
				491BA24A1E7B816300E92175 /* HHTabbarViewController.m in Sources */,
				217A9CDD1EA352DF005515BE /* LZYJViewController.m in Sources */,
				491BA25C1E7B827300E92175 /* LZCourseViewController.m in Sources */,
				4952EBB01EA0742A00A24601 /* TAAnimatedDotView.m in Sources */,
				217A9C6D1EA3340A005515BE /* LZBalancePayViewController.m in Sources */,
				217A9C771EA3340A005515BE /* LZPayDetailCell.m in Sources */,
				217A9CCB1EA34ED8005515BE /* SegmentView.m in Sources */,
				217A9C6E1EA3340A005515BE /* LZBalanceViewController.m in Sources */,
				4952EB9D1EA0740800A24601 /* LZHomeFirstCell.m in Sources */,
				4952EB8E1EA05BD900A24601 /* LZHomeTaskCell.m in Sources */,
				491BA2611E7B828600E92175 /* LZOrderViewController.m in Sources */,
				4952EBC41EA09A1400A24601 /* LZHomeHeadView.m in Sources */,
				4952EBCA1EA09B8700A24601 /* HomeInfoCell.m in Sources */,
				491BA24B1E7B816300E92175 /* LZRootViewController.m in Sources */,
				49A369A21EA469CE00BD34B2 /* EducationTableViewController.m in Sources */,
				49A3699E1EA4660F00BD34B2 /* LZEditMeansController.m in Sources */,
				491BA2701E7B832C00E92175 /* LZMineViewController.m in Sources */,
				491BA24D1E7B816300E92175 /* UIImage+Color.m in Sources */,
				217A9CF41EA35BE6005515BE /* MineTeacherCell.m in Sources */,
				491BA1F51E7B814100E92175 /* main.m in Sources */,
				4952EBB21EA0742A00A24601 /* TAPageControl.m in Sources */,
				217A9CE41EA35525005515BE /* LZMineDangAnViewController.m in Sources */,
				4952EBB31EA0742A00A24601 /* SDCollectionViewCell.m in Sources */,
				217A9CEF1EA35BDA005515BE /* LZMineTeacherViewController.m in Sources */,
				217A9C751EA3340A005515BE /* LZMinePurseSecondCell.m in Sources */,
				4952EB931EA071D800A24601 /* LZHomeItmesCell.m in Sources */,
				491BA24C1E7B816300E92175 /* UIBarButtonItem+WNXBarButtonItem.m in Sources */,
				49A369991EA4614200BD34B2 /* LZMineMeansController.m in Sources */,
				4952EBBA1EA0786300A24601 /* LZThirdItmesCell.m in Sources */,
				4952EBD51EA0A0F100A24601 /* MineHeadInfoCell.m in Sources */,
				217A9C6F1EA3340A005515BE /* LZMinePurseViewController.m in Sources */,
				49A369B51EA491DA00BD34B2 /* JGJBttonmQYView.m in Sources */,
				217A9CD51EA3511D005515BE /* LZMineOrderViewController.m in Sources */,
				217A9CDF1EA352DF005515BE /* QIAOTextView.m in Sources */,
				4952EB981EA0721400A24601 /* ItmesCell.m in Sources */,
				4952EBB51EA0742A00A24601 /* UIView+SDExtension.m in Sources */,
				491BA26B1E7B830F00E92175 /* LZPublicViewController.m in Sources */,
				217A9C561EA32D16005515BE /* MineSecondCell.m in Sources */,
				217A9CE91EA35544005515BE /* LZMinedangAnCell.m in Sources */,
			);
			runOnlyForDeploymentPostprocessing = 0;
		};
		491BA2051E7B814100E92175 /* Sources */ = {
			isa = PBXSourcesBuildPhase;
			buildActionMask = 2147483647;
			files = (
				491BA20E1E7B814100E92175 /* TeacherTests.m in Sources */,
			);
			runOnlyForDeploymentPostprocessing = 0;
		};
		491BA2101E7B814100E92175 /* Sources */ = {
			isa = PBXSourcesBuildPhase;
			buildActionMask = 2147483647;
			files = (
				491BA2191E7B814100E92175 /* TeacherUITests.m in Sources */,
			);
			runOnlyForDeploymentPostprocessing = 0;
		};
/* End PBXSourcesBuildPhase section */

/* Begin PBXTargetDependency section */
		491BA20B1E7B814100E92175 /* PBXTargetDependency */ = {
			isa = PBXTargetDependency;
			target = 491BA1EF1E7B814100E92175 /* Teacher */;
			targetProxy = 491BA20A1E7B814100E92175 /* PBXContainerItemProxy */;
		};
		491BA2161E7B814100E92175 /* PBXTargetDependency */ = {
			isa = PBXTargetDependency;
			target = 491BA1EF1E7B814100E92175 /* Teacher */;
			targetProxy = 491BA2151E7B814100E92175 /* PBXContainerItemProxy */;
		};
/* End PBXTargetDependency section */

/* Begin PBXVariantGroup section */
		491BA1FC1E7B814100E92175 /* Main.storyboard */ = {
			isa = PBXVariantGroup;
			children = (
				491BA1FD1E7B814100E92175 /* Base */,
			);
			name = Main.storyboard;
			sourceTree = "<group>";
		};
		491BA2011E7B814100E92175 /* LaunchScreen.storyboard */ = {
			isa = PBXVariantGroup;
			children = (
				491BA2021E7B814100E92175 /* Base */,
			);
			name = LaunchScreen.storyboard;
			sourceTree = "<group>";
		};
/* End PBXVariantGroup section */

/* Begin XCBuildConfiguration section */
		491BA21B1E7B814100E92175 /* Debug */ = {
			isa = XCBuildConfiguration;
			buildSettings = {
				ALWAYS_SEARCH_USER_PATHS = NO;
				CLANG_ANALYZER_NONNULL = YES;
				CLANG_CXX_LANGUAGE_STANDARD = "gnu++0x";
				CLANG_CXX_LIBRARY = "libc++";
				CLANG_ENABLE_MODULES = YES;
				CLANG_ENABLE_OBJC_ARC = YES;
				CLANG_WARN_BOOL_CONVERSION = YES;
				CLANG_WARN_CONSTANT_CONVERSION = YES;
				CLANG_WARN_DIRECT_OBJC_ISA_USAGE = YES_ERROR;
				CLANG_WARN_DOCUMENTATION_COMMENTS = YES;
				CLANG_WARN_EMPTY_BODY = YES;
				CLANG_WARN_ENUM_CONVERSION = YES;
				CLANG_WARN_INFINITE_RECURSION = YES;
				CLANG_WARN_INT_CONVERSION = YES;
				CLANG_WARN_OBJC_ROOT_CLASS = YES_ERROR;
				CLANG_WARN_SUSPICIOUS_MOVE = YES;
				CLANG_WARN_UNREACHABLE_CODE = YES;
				CLANG_WARN__DUPLICATE_METHOD_MATCH = YES;
				"CODE_SIGN_IDENTITY[sdk=iphoneos*]" = "iPhone Developer";
				COPY_PHASE_STRIP = NO;
				DEBUG_INFORMATION_FORMAT = dwarf;
				ENABLE_STRICT_OBJC_MSGSEND = YES;
				ENABLE_TESTABILITY = YES;
				GCC_C_LANGUAGE_STANDARD = gnu99;
				GCC_DYNAMIC_NO_PIC = NO;
				GCC_NO_COMMON_BLOCKS = YES;
				GCC_OPTIMIZATION_LEVEL = 0;
				GCC_PREPROCESSOR_DEFINITIONS = (
					"DEBUG=1",
					"$(inherited)",
				);
				GCC_WARN_64_TO_32_BIT_CONVERSION = YES;
				GCC_WARN_ABOUT_RETURN_TYPE = YES_ERROR;
				GCC_WARN_UNDECLARED_SELECTOR = YES;
				GCC_WARN_UNINITIALIZED_AUTOS = YES_AGGRESSIVE;
				GCC_WARN_UNUSED_FUNCTION = YES;
				GCC_WARN_UNUSED_VARIABLE = YES;
				IPHONEOS_DEPLOYMENT_TARGET = 10.2;
				MTL_ENABLE_DEBUG_INFO = YES;
				ONLY_ACTIVE_ARCH = YES;
				SDKROOT = iphoneos;
			};
			name = Debug;
		};
		491BA21C1E7B814100E92175 /* Release */ = {
			isa = XCBuildConfiguration;
			buildSettings = {
				ALWAYS_SEARCH_USER_PATHS = NO;
				CLANG_ANALYZER_NONNULL = YES;
				CLANG_CXX_LANGUAGE_STANDARD = "gnu++0x";
				CLANG_CXX_LIBRARY = "libc++";
				CLANG_ENABLE_MODULES = YES;
				CLANG_ENABLE_OBJC_ARC = YES;
				CLANG_WARN_BOOL_CONVERSION = YES;
				CLANG_WARN_CONSTANT_CONVERSION = YES;
				CLANG_WARN_DIRECT_OBJC_ISA_USAGE = YES_ERROR;
				CLANG_WARN_DOCUMENTATION_COMMENTS = YES;
				CLANG_WARN_EMPTY_BODY = YES;
				CLANG_WARN_ENUM_CONVERSION = YES;
				CLANG_WARN_INFINITE_RECURSION = YES;
				CLANG_WARN_INT_CONVERSION = YES;
				CLANG_WARN_OBJC_ROOT_CLASS = YES_ERROR;
				CLANG_WARN_SUSPICIOUS_MOVE = YES;
				CLANG_WARN_UNREACHABLE_CODE = YES;
				CLANG_WARN__DUPLICATE_METHOD_MATCH = YES;
				"CODE_SIGN_IDENTITY[sdk=iphoneos*]" = "iPhone Developer";
				COPY_PHASE_STRIP = NO;
				DEBUG_INFORMATION_FORMAT = "dwarf-with-dsym";
				ENABLE_NS_ASSERTIONS = NO;
				ENABLE_STRICT_OBJC_MSGSEND = YES;
				GCC_C_LANGUAGE_STANDARD = gnu99;
				GCC_NO_COMMON_BLOCKS = YES;
				GCC_WARN_64_TO_32_BIT_CONVERSION = YES;
				GCC_WARN_ABOUT_RETURN_TYPE = YES_ERROR;
				GCC_WARN_UNDECLARED_SELECTOR = YES;
				GCC_WARN_UNINITIALIZED_AUTOS = YES_AGGRESSIVE;
				GCC_WARN_UNUSED_FUNCTION = YES;
				GCC_WARN_UNUSED_VARIABLE = YES;
				IPHONEOS_DEPLOYMENT_TARGET = 10.2;
				MTL_ENABLE_DEBUG_INFO = NO;
				SDKROOT = iphoneos;
				VALIDATE_PRODUCT = YES;
			};
			name = Release;
		};
		491BA21E1E7B814100E92175 /* Debug */ = {
			isa = XCBuildConfiguration;
			baseConfigurationReference = 4D7583BF5C16AC2FBA4418BF /* Pods-Teacher.debug.xcconfig */;
			buildSettings = {
				ASSETCATALOG_COMPILER_APPICON_NAME = AppIcon;
				DEVELOPMENT_TEAM = 2Y3Z3T4NVH;
				GCC_PRECOMPILE_PREFIX_HEADER = YES;
				GCC_PREFIX_HEADER = "/Users/Qiao-Lionheart/Desktop/老师/Teacher/CommentClass.pch";
				INFOPLIST_FILE = Teacher/Info.plist;
				LD_RUNPATH_SEARCH_PATHS = "$(inherited) @executable_path/Frameworks";
				PRODUCT_BUNDLE_IDENTIFIER = LZ.Teacher;
				PRODUCT_NAME = "$(TARGET_NAME)";
			};
			name = Debug;
		};
		491BA21F1E7B814100E92175 /* Release */ = {
			isa = XCBuildConfiguration;
			baseConfigurationReference = 4DE83D8F565AE851774A3B60 /* Pods-Teacher.release.xcconfig */;
			buildSettings = {
				ASSETCATALOG_COMPILER_APPICON_NAME = AppIcon;
				DEVELOPMENT_TEAM = 2Y3Z3T4NVH;
				GCC_PRECOMPILE_PREFIX_HEADER = YES;
				GCC_PREFIX_HEADER = "/Users/Qiao-Lionheart/Desktop/老师/Teacher/CommentClass.pch";
				INFOPLIST_FILE = Teacher/Info.plist;
				LD_RUNPATH_SEARCH_PATHS = "$(inherited) @executable_path/Frameworks";
				PRODUCT_BUNDLE_IDENTIFIER = LZ.Teacher;
				PRODUCT_NAME = "$(TARGET_NAME)";
			};
			name = Release;
		};
		491BA2211E7B814100E92175 /* Debug */ = {
			isa = XCBuildConfiguration;
			buildSettings = {
				BUNDLE_LOADER = "$(TEST_HOST)";
				DEVELOPMENT_TEAM = 2Y3Z3T4NVH;
				INFOPLIST_FILE = TeacherTests/Info.plist;
				LD_RUNPATH_SEARCH_PATHS = "$(inherited) @executable_path/Frameworks @loader_path/Frameworks";
				PRODUCT_BUNDLE_IDENTIFIER = LZ.TeacherTests;
				PRODUCT_NAME = "$(TARGET_NAME)";
				TEST_HOST = "$(BUILT_PRODUCTS_DIR)/Teacher.app/Teacher";
			};
			name = Debug;
		};
		491BA2221E7B814100E92175 /* Release */ = {
			isa = XCBuildConfiguration;
			buildSettings = {
				BUNDLE_LOADER = "$(TEST_HOST)";
				DEVELOPMENT_TEAM = 2Y3Z3T4NVH;
				INFOPLIST_FILE = TeacherTests/Info.plist;
				LD_RUNPATH_SEARCH_PATHS = "$(inherited) @executable_path/Frameworks @loader_path/Frameworks";
				PRODUCT_BUNDLE_IDENTIFIER = LZ.TeacherTests;
				PRODUCT_NAME = "$(TARGET_NAME)";
				TEST_HOST = "$(BUILT_PRODUCTS_DIR)/Teacher.app/Teacher";
			};
			name = Release;
		};
		491BA2241E7B814100E92175 /* Debug */ = {
			isa = XCBuildConfiguration;
			buildSettings = {
				DEVELOPMENT_TEAM = 2Y3Z3T4NVH;
				INFOPLIST_FILE = TeacherUITests/Info.plist;
				LD_RUNPATH_SEARCH_PATHS = "$(inherited) @executable_path/Frameworks @loader_path/Frameworks";
				PRODUCT_BUNDLE_IDENTIFIER = LZ.TeacherUITests;
				PRODUCT_NAME = "$(TARGET_NAME)";
				TEST_TARGET_NAME = Teacher;
			};
			name = Debug;
		};
		491BA2251E7B814100E92175 /* Release */ = {
			isa = XCBuildConfiguration;
			buildSettings = {
				DEVELOPMENT_TEAM = 2Y3Z3T4NVH;
				INFOPLIST_FILE = TeacherUITests/Info.plist;
				LD_RUNPATH_SEARCH_PATHS = "$(inherited) @executable_path/Frameworks @loader_path/Frameworks";
				PRODUCT_BUNDLE_IDENTIFIER = LZ.TeacherUITests;
				PRODUCT_NAME = "$(TARGET_NAME)";
				TEST_TARGET_NAME = Teacher;
			};
			name = Release;
		};
/* End XCBuildConfiguration section */

/* Begin XCConfigurationList section */
		491BA1EB1E7B814100E92175 /* Build configuration list for PBXProject "Teacher" */ = {
			isa = XCConfigurationList;
			buildConfigurations = (
				491BA21B1E7B814100E92175 /* Debug */,
				491BA21C1E7B814100E92175 /* Release */,
			);
			defaultConfigurationIsVisible = 0;
			defaultConfigurationName = Release;
		};
		491BA21D1E7B814100E92175 /* Build configuration list for PBXNativeTarget "Teacher" */ = {
			isa = XCConfigurationList;
			buildConfigurations = (
				491BA21E1E7B814100E92175 /* Debug */,
				491BA21F1E7B814100E92175 /* Release */,
			);
			defaultConfigurationIsVisible = 0;
			defaultConfigurationName = Release;
		};
		491BA2201E7B814100E92175 /* Build configuration list for PBXNativeTarget "TeacherTests" */ = {
			isa = XCConfigurationList;
			buildConfigurations = (
				491BA2211E7B814100E92175 /* Debug */,
				491BA2221E7B814100E92175 /* Release */,
			);
			defaultConfigurationIsVisible = 0;
			defaultConfigurationName = Release;
		};
		491BA2231E7B814100E92175 /* Build configuration list for PBXNativeTarget "TeacherUITests" */ = {
			isa = XCConfigurationList;
			buildConfigurations = (
				491BA2241E7B814100E92175 /* Debug */,
				491BA2251E7B814100E92175 /* Release */,
			);
			defaultConfigurationIsVisible = 0;
			defaultConfigurationName = Release;
		};
/* End XCConfigurationList section */
	};
	rootObject = 491BA1E81E7B814100E92175 /* Project object */;
}
